// !$*UTF8*$!
{
	archiveVersion = 1;
	classes = {
	};
	objectVersion = 50;
	objects = {

/* Begin PBXBuildFile section */
		1E798B15210A5568000C6E70 /* AppDelegate.swift in Sources */ = {isa = PBXBuildFile; fileRef = 1E798B14210A5568000C6E70 /* AppDelegate.swift */; };
		1E798B17210A5568000C6E70 /* TableViewController.swift in Sources */ = {isa = PBXBuildFile; fileRef = 1E798B16210A5568000C6E70 /* TableViewController.swift */; };
		1E798B1A210A5568000C6E70 /* Main.storyboard in Resources */ = {isa = PBXBuildFile; fileRef = 1E798B18210A5568000C6E70 /* Main.storyboard */; };
		1E798B1C210A5569000C6E70 /* Assets.xcassets in Resources */ = {isa = PBXBuildFile; fileRef = 1E798B1B210A5569000C6E70 /* Assets.xcassets */; };
		1E798B1F210A5569000C6E70 /* LaunchScreen.storyboard in Resources */ = {isa = PBXBuildFile; fileRef = 1E798B1D210A5569000C6E70 /* LaunchScreen.storyboard */; };
		1E798B2A210A5569000C6E70 /* project0_0_11Tests.swift in Sources */ = {isa = PBXBuildFile; fileRef = 1E798B29210A5569000C6E70 /* project0_0_11Tests.swift */; };
		1E798B35210A5569000C6E70 /* project0_0_11UITests.swift in Sources */ = {isa = PBXBuildFile; fileRef = 1E798B34210A5569000C6E70 /* project0_0_11UITests.swift */; };
		1E798B43210A5F37000C6E70 /* SecondTableTableViewController.swift in Sources */ = {isa = PBXBuildFile; fileRef = 1E798B42210A5F37000C6E70 /* SecondTableTableViewController.swift */; };
		1E798B47210A6CD5000C6E70 /* combinedDelegate.swift in Sources */ = {isa = PBXBuildFile; fileRef = 1E798B46210A6CD5000C6E70 /* combinedDelegate.swift */; };
/* End PBXBuildFile section */

/* Begin PBXContainerItemProxy section */
		1E798B26210A5569000C6E70 /* PBXContainerItemProxy */ = {
			isa = PBXContainerItemProxy;
			containerPortal = 1E798B09210A5568000C6E70 /* Project object */;
			proxyType = 1;
			remoteGlobalIDString = 1E798B10210A5568000C6E70;
			remoteInfo = project0.0.11;
		};
		1E798B31210A5569000C6E70 /* PBXContainerItemProxy */ = {
			isa = PBXContainerItemProxy;
			containerPortal = 1E798B09210A5568000C6E70 /* Project object */;
			proxyType = 1;
			remoteGlobalIDString = 1E798B10210A5568000C6E70;
			remoteInfo = project0.0.11;
		};
/* End PBXContainerItemProxy section */

/* Begin PBXFileReference section */
		1E798B11210A5568000C6E70 /* project0.0.11.app */ = {isa = PBXFileReference; explicitFileType = wrapper.application; includeInIndex = 0; path = project0.0.11.app; sourceTree = BUILT_PRODUCTS_DIR; };
		1E798B14210A5568000C6E70 /* AppDelegate.swift */ = {isa = PBXFileReference; lastKnownFileType = sourcecode.swift; path = AppDelegate.swift; sourceTree = "<group>"; };
		1E798B16210A5568000C6E70 /* TableViewController.swift */ = {isa = PBXFileReference; lastKnownFileType = sourcecode.swift; path = TableViewController.swift; sourceTree = "<group>"; };
		1E798B19210A5568000C6E70 /* Base */ = {isa = PBXFileReference; lastKnownFileType = file.storyboard; name = Base; path = Base.lproj/Main.storyboard; sourceTree = "<group>"; };
		1E798B1B210A5569000C6E70 /* Assets.xcassets */ = {isa = PBXFileReference; lastKnownFileType = folder.assetcatalog; path = Assets.xcassets; sourceTree = "<group>"; };
		1E798B1E210A5569000C6E70 /* Base */ = {isa = PBXFileReference; lastKnownFileType = file.storyboard; name = Base; path = Base.lproj/LaunchScreen.storyboard; sourceTree = "<group>"; };
		1E798B20210A5569000C6E70 /* Info.plist */ = {isa = PBXFileReference; lastKnownFileType = text.plist.xml; path = Info.plist; sourceTree = "<group>"; };
		1E798B25210A5569000C6E70 /* project0.0.11Tests.xctest */ = {isa = PBXFileReference; explicitFileType = wrapper.cfbundle; includeInIndex = 0; path = project0.0.11Tests.xctest; sourceTree = BUILT_PRODUCTS_DIR; };
		1E798B29210A5569000C6E70 /* project0_0_11Tests.swift */ = {isa = PBXFileReference; lastKnownFileType = sourcecode.swift; path = project0_0_11Tests.swift; sourceTree = "<group>"; };
		1E798B2B210A5569000C6E70 /* Info.plist */ = {isa = PBXFileReference; lastKnownFileType = text.plist.xml; path = Info.plist; sourceTree = "<group>"; };
		1E798B30210A5569000C6E70 /* project0.0.11UITests.xctest */ = {isa = PBXFileReference; explicitFileType = wrapper.cfbundle; includeInIndex = 0; path = project0.0.11UITests.xctest; sourceTree = BUILT_PRODUCTS_DIR; };
		1E798B34210A5569000C6E70 /* project0_0_11UITests.swift */ = {isa = PBXFileReference; lastKnownFileType = sourcecode.swift; path = project0_0_11UITests.swift; sourceTree = "<group>"; };
		1E798B36210A5569000C6E70 /* Info.plist */ = {isa = PBXFileReference; lastKnownFileType = text.plist.xml; path = Info.plist; sourceTree = "<group>"; };
		1E798B42210A5F37000C6E70 /* SecondTableTableViewController.swift */ = {isa = PBXFileReference; lastKnownFileType = sourcecode.swift; path = SecondTableTableViewController.swift; sourceTree = "<group>"; };
		1E798B46210A6CD5000C6E70 /* combinedDelegate.swift */ = {isa = PBXFileReference; lastKnownFileType = sourcecode.swift; path = combinedDelegate.swift; sourceTree = "<group>"; };
/* End PBXFileReference section */

/* Begin PBXFrameworksBuildPhase section */
		1E798B0E210A5568000C6E70 /* Frameworks */ = {
			isa = PBXFrameworksBuildPhase;
			buildActionMask = 2147483647;
			files = (
			);
			runOnlyForDeploymentPostprocessing = 0;
		};
		1E798B22210A5569000C6E70 /* Frameworks */ = {
			isa = PBXFrameworksBuildPhase;
			buildActionMask = 2147483647;
			files = (
			);
			runOnlyForDeploymentPostprocessing = 0;
		};
		1E798B2D210A5569000C6E70 /* Frameworks */ = {
			isa = PBXFrameworksBuildPhase;
			buildActionMask = 2147483647;
			files = (
			);
			runOnlyForDeploymentPostprocessing = 0;
		};
/* End PBXFrameworksBuildPhase section */

/* Begin PBXGroup section */
		1E798B08210A5568000C6E70 = {
			isa = PBXGroup;
			children = (
				1E798B13210A5568000C6E70 /* project0.0.11 */,
				1E798B28210A5569000C6E70 /* project0.0.11Tests */,
				1E798B33210A5569000C6E70 /* project0.0.11UITests */,
				1E798B12210A5568000C6E70 /* Products */,
			);
			sourceTree = "<group>";
		};
		1E798B12210A5568000C6E70 /* Products */ = {
			isa = PBXGroup;
			children = (
				1E798B11210A5568000C6E70 /* project0.0.11.app */,
				1E798B25210A5569000C6E70 /* project0.0.11Tests.xctest */,
				1E798B30210A5569000C6E70 /* project0.0.11UITests.xctest */,
			);
			name = Products;
			sourceTree = "<group>";
		};
		1E798B13210A5568000C6E70 /* project0.0.11 */ = {
			isa = PBXGroup;
			children = (
				1E798B42210A5F37000C6E70 /* SecondTableTableViewController.swift */,
				1E798B14210A5568000C6E70 /* AppDelegate.swift */,
				1E798B16210A5568000C6E70 /* TableViewController.swift */,
				1E798B18210A5568000C6E70 /* Main.storyboard */,
				1E798B1B210A5569000C6E70 /* Assets.xcassets */,
				1E798B1D210A5569000C6E70 /* LaunchScreen.storyboard */,
				1E798B20210A5569000C6E70 /* Info.plist */,
				1E798B46210A6CD5000C6E70 /* combinedDelegate.swift */,
			);
			path = project0.0.11;
			sourceTree = "<group>";
		};
		1E798B28210A5569000C6E70 /* project0.0.11Tests */ = {
			isa = PBXGroup;
			children = (
				1E798B29210A5569000C6E70 /* project0_0_11Tests.swift */,
				1E798B2B210A5569000C6E70 /* Info.plist */,
			);
			path = project0.0.11Tests;
			sourceTree = "<group>";
		};
		1E798B33210A5569000C6E70 /* project0.0.11UITests */ = {
			isa = PBXGroup;
			children = (
				1E798B34210A5569000C6E70 /* project0_0_11UITests.swift */,
				1E798B36210A5569000C6E70 /* Info.plist */,
			);
			path = project0.0.11UITests;
			sourceTree = "<group>";
		};
/* End PBXGroup section */

/* Begin PBXNativeTarget section */
		1E798B10210A5568000C6E70 /* project0.0.11 */ = {
			isa = PBXNativeTarget;
			buildConfigurationList = 1E798B39210A5569000C6E70 /* Build configuration list for PBXNativeTarget "project0.0.11" */;
			buildPhases = (
				1E798B0D210A5568000C6E70 /* Sources */,
				1E798B0E210A5568000C6E70 /* Frameworks */,
				1E798B0F210A5568000C6E70 /* Resources */,
			);
			buildRules = (
			);
			dependencies = (
			);
			name = project0.0.11;
			productName = project0.0.11;
			productReference = 1E798B11210A5568000C6E70 /* project0.0.11.app */;
			productType = "com.apple.product-type.application";
		};
		1E798B24210A5569000C6E70 /* project0.0.11Tests */ = {
			isa = PBXNativeTarget;
			buildConfigurationList = 1E798B3C210A5569000C6E70 /* Build configuration list for PBXNativeTarget "project0.0.11Tests" */;
			buildPhases = (
				1E798B21210A5569000C6E70 /* Sources */,
				1E798B22210A5569000C6E70 /* Frameworks */,
				1E798B23210A5569000C6E70 /* Resources */,
			);
			buildRules = (
			);
			dependencies = (
				1E798B27210A5569000C6E70 /* PBXTargetDependency */,
			);
			name = project0.0.11Tests;
			productName = project0.0.11Tests;
			productReference = 1E798B25210A5569000C6E70 /* project0.0.11Tests.xctest */;
			productType = "com.apple.product-type.bundle.unit-test";
		};
		1E798B2F210A5569000C6E70 /* project0.0.11UITests */ = {
			isa = PBXNativeTarget;
			buildConfigurationList = 1E798B3F210A5569000C6E70 /* Build configuration list for PBXNativeTarget "project0.0.11UITests" */;
			buildPhases = (
				1E798B2C210A5569000C6E70 /* Sources */,
				1E798B2D210A5569000C6E70 /* Frameworks */,
				1E798B2E210A5569000C6E70 /* Resources */,
			);
			buildRules = (
			);
			dependencies = (
				1E798B32210A5569000C6E70 /* PBXTargetDependency */,
			);
			name = project0.0.11UITests;
			productName = project0.0.11UITests;
			productReference = 1E798B30210A5569000C6E70 /* project0.0.11UITests.xctest */;
			productType = "com.apple.product-type.bundle.ui-testing";
		};
/* End PBXNativeTarget section */

/* Begin PBXProject section */
		1E798B09210A5568000C6E70 /* Project object */ = {
			isa = PBXProject;
			attributes = {
				LastSwiftUpdateCheck = 0940;
				LastUpgradeCheck = 0940;
				ORGANIZATIONNAME = "Shawn W Nha";
				TargetAttributes = {
					1E798B10210A5568000C6E70 = {
						CreatedOnToolsVersion = 9.4.1;
					};
					1E798B24210A5569000C6E70 = {
						CreatedOnToolsVersion = 9.4.1;
						TestTargetID = 1E798B10210A5568000C6E70;
					};
					1E798B2F210A5569000C6E70 = {
						CreatedOnToolsVersion = 9.4.1;
						TestTargetID = 1E798B10210A5568000C6E70;
					};
				};
			};
			buildConfigurationList = 1E798B0C210A5568000C6E70 /* Build configuration list for PBXProject "project0.0.11" */;
			compatibilityVersion = "Xcode 9.3";
			developmentRegion = en;
			hasScannedForEncodings = 0;
			knownRegions = (
				en,
				Base,
			);
			mainGroup = 1E798B08210A5568000C6E70;
			productRefGroup = 1E798B12210A5568000C6E70 /* Products */;
			projectDirPath = "";
			projectRoot = "";
			targets = (
				1E798B10210A5568000C6E70 /* project0.0.11 */,
				1E798B24210A5569000C6E70 /* project0.0.11Tests */,
				1E798B2F210A5569000C6E70 /* project0.0.11UITests */,
			);
		};
/* End PBXProject section */

/* Begin PBXResourcesBuildPhase section */
		1E798B0F210A5568000C6E70 /* Resources */ = {
			isa = PBXResourcesBuildPhase;
			buildActionMask = 2147483647;
			files = (
				1E798B1F210A5569000C6E70 /* LaunchScreen.storyboard in Resources */,
				1E798B1C210A5569000C6E70 /* Assets.xcassets in Resources */,
				1E798B1A210A5568000C6E70 /* Main.storyboard in Resources */,
			);
			runOnlyForDeploymentPostprocessing = 0;
		};
		1E798B23210A5569000C6E70 /* Resources */ = {
			isa = PBXResourcesBuildPhase;
			buildActionMask = 2147483647;
			files = (
			);
			runOnlyForDeploymentPostprocessing = 0;
		};
		1E798B2E210A5569000C6E70 /* Resources */ = {
			isa = PBXResourcesBuildPhase;
			buildActionMask = 2147483647;
			files = (
			);
			runOnlyForDeploymentPostprocessing = 0;
		};
/* End PBXResourcesBuildPhase section */

/* Begin PBXSourcesBuildPhase section */
		1E798B0D210A5568000C6E70 /* Sources */ = {
			isa = PBXSourcesBuildPhase;
			buildActionMask = 2147483647;
			files = (
				1E798B43210A5F37000C6E70 /* SecondTableTableViewController.swift in Sources */,
				1E798B47210A6CD5000C6E70 /* combinedDelegate.swift in Sources */,
				1E798B17210A5568000C6E70 /* TableViewController.swift in Sources */,
				1E798B15210A5568000C6E70 /* AppDelegate.swift in Sources */,
			);
			runOnlyForDeploymentPostprocessing = 0;
		};
		1E798B21210A5569000C6E70 /* Sources */ = {
			isa = PBXSourcesBuildPhase;
			buildActionMask = 2147483647;
			files = (
				1E798B2A210A5569000C6E70 /* project0_0_11Tests.swift in Sources */,
			);
			runOnlyForDeploymentPostprocessing = 0;
		};
		1E798B2C210A5569000C6E70 /* Sources */ = {
			isa = PBXSourcesBuildPhase;
			buildActionMask = 2147483647;
			files = (
				1E798B35210A5569000C6E70 /* project0_0_11UITests.swift in Sources */,
			);
			runOnlyForDeploymentPostprocessing = 0;
		};
/* End PBXSourcesBuildPhase section */

/* Begin PBXTargetDependency section */
		1E798B27210A5569000C6E70 /* PBXTargetDependency */ = {
			isa = PBXTargetDependency;
			target = 1E798B10210A5568000C6E70 /* project0.0.11 */;
			targetProxy = 1E798B26210A5569000C6E70 /* PBXContainerItemProxy */;
		};
		1E798B32210A5569000C6E70 /* PBXTargetDependency */ = {
			isa = PBXTargetDependency;
			target = 1E798B10210A5568000C6E70 /* project0.0.11 */;
			targetProxy = 1E798B31210A5569000C6E70 /* PBXContainerItemProxy */;
		};
/* End PBXTargetDependency section */

/* Begin PBXVariantGroup section */
		1E798B18210A5568000C6E70 /* Main.storyboard */ = {
			isa = PBXVariantGroup;
			children = (
				1E798B19210A5568000C6E70 /* Base */,
			);
			name = Main.storyboard;
			sourceTree = "<group>";
		};
		1E798B1D210A5569000C6E70 /* LaunchScreen.storyboard */ = {
			isa = PBXVariantGroup;
			children = (
				1E798B1E210A5569000C6E70 /* Base */,
			);
			name = LaunchScreen.storyboard;
			sourceTree = "<group>";
		};
/* End PBXVariantGroup section */

/* Begin XCBuildConfiguration section */
		1E798B37210A5569000C6E70 /* Debug */ = {
			isa = XCBuildConfiguration;
			buildSettings = {
				ALWAYS_SEARCH_USER_PATHS = NO;
				CLANG_ANALYZER_NONNULL = YES;
				CLANG_ANALYZER_NUMBER_OBJECT_CONVERSION = YES_AGGRESSIVE;
				CLANG_CXX_LANGUAGE_STANDARD = "gnu++14";
				CLANG_CXX_LIBRARY = "libc++";
				CLANG_ENABLE_MODULES = YES;
				CLANG_ENABLE_OBJC_ARC = YES;
				CLANG_ENABLE_OBJC_WEAK = YES;
				CLANG_WARN_BLOCK_CAPTURE_AUTORELEASING = YES;
				CLANG_WARN_BOOL_CONVERSION = YES;
				CLANG_WARN_COMMA = YES;
				CLANG_WARN_CONSTANT_CONVERSION = YES;
				CLANG_WARN_DEPRECATED_OBJC_IMPLEMENTATIONS = YES;
				CLANG_WARN_DIRECT_OBJC_ISA_USAGE = YES_ERROR;
				CLANG_WARN_DOCUMENTATION_COMMENTS = YES;
				CLANG_WARN_EMPTY_BODY = YES;
				CLANG_WARN_ENUM_CONVERSION = YES;
				CLANG_WARN_INFINITE_RECURSION = YES;
				CLANG_WARN_INT_CONVERSION = YES;
				CLANG_WARN_NON_LITERAL_NULL_CONVERSION = YES;
				CLANG_WARN_OBJC_IMPLICIT_RETAIN_SELF = YES;
				CLANG_WARN_OBJC_LITERAL_CONVERSION = YES;
				CLANG_WARN_OBJC_ROOT_CLASS = YES_ERROR;
				CLANG_WARN_RANGE_LOOP_ANALYSIS = YES;
				CLANG_WARN_STRICT_PROTOTYPES = YES;
				CLANG_WARN_SUSPICIOUS_MOVE = YES;
				CLANG_WARN_UNGUARDED_AVAILABILITY = YES_AGGRESSIVE;
				CLANG_WARN_UNREACHABLE_CODE = YES;
				CLANG_WARN__DUPLICATE_METHOD_MATCH = YES;
				CODE_SIGN_IDENTITY = "iPhone Developer";
				COPY_PHASE_STRIP = NO;
				DEBUG_INFORMATION_FORMAT = dwarf;
				ENABLE_STRICT_OBJC_MSGSEND = YES;
				ENABLE_TESTABILITY = YES;
				GCC_C_LANGUAGE_STANDARD = gnu11;
				GCC_DYNAMIC_NO_PIC = NO;
				GCC_NO_COMMON_BLOCKS = YES;
				GCC_OPTIMIZATION_LEVEL = 0;
				GCC_PREPROCESSOR_DEFINITIONS = (
					"DEBUG=1",
					"$(inherited)",
				);
				GCC_WARN_64_TO_32_BIT_CONVERSION = YES;
				GCC_WARN_ABOUT_RETURN_TYPE = YES_ERROR;
				GCC_WARN_UNDECLARED_SELECTOR = YES;
				GCC_WARN_UNINITIALIZED_AUTOS = YES_AGGRESSIVE;
				GCC_WARN_UNUSED_FUNCTION = YES;
				GCC_WARN_UNUSED_VARIABLE = YES;
				IPHONEOS_DEPLOYMENT_TARGET = 11.4;
				MTL_ENABLE_DEBUG_INFO = YES;
				ONLY_ACTIVE_ARCH = YES;
				SDKROOT = iphoneos;
				SWIFT_ACTIVE_COMPILATION_CONDITIONS = DEBUG;
				SWIFT_OPTIMIZATION_LEVEL = "-Onone";
			};
			name = Debug;
		};
		1E798B38210A5569000C6E70 /* Release */ = {
			isa = XCBuildConfiguration;
			buildSettings = {
				ALWAYS_SEARCH_USER_PATHS = NO;
				CLANG_ANALYZER_NONNULL = YES;
				CLANG_ANALYZER_NUMBER_OBJECT_CONVERSION = YES_AGGRESSIVE;
				CLANG_CXX_LANGUAGE_STANDARD = "gnu++14";
				CLANG_CXX_LIBRARY = "libc++";
				CLANG_ENABLE_MODULES = YES;
				CLANG_ENABLE_OBJC_ARC = YES;
				CLANG_ENABLE_OBJC_WEAK = YES;
				CLANG_WARN_BLOCK_CAPTURE_AUTORELEASING = YES;
				CLANG_WARN_BOOL_CONVERSION = YES;
				CLANG_WARN_COMMA = YES;
				CLANG_WARN_CONSTANT_CONVERSION = YES;
				CLANG_WARN_DEPRECATED_OBJC_IMPLEMENTATIONS = YES;
				CLANG_WARN_DIRECT_OBJC_ISA_USAGE = YES_ERROR;
				CLANG_WARN_DOCUMENTATION_COMMENTS = YES;
				CLANG_WARN_EMPTY_BODY = YES;
				CLANG_WARN_ENUM_CONVERSION = YES;
				CLANG_WARN_INFINITE_RECURSION = YES;
				CLANG_WARN_INT_CONVERSION = YES;
				CLANG_WARN_NON_LITERAL_NULL_CONVERSION = YES;
				CLANG_WARN_OBJC_IMPLICIT_RETAIN_SELF = YES;
				CLANG_WARN_OBJC_LITERAL_CONVERSION = YES;
				CLANG_WARN_OBJC_ROOT_CLASS = YES_ERROR;
				CLANG_WARN_RANGE_LOOP_ANALYSIS = YES;
				CLANG_WARN_STRICT_PROTOTYPES = YES;
				CLANG_WARN_SUSPICIOUS_MOVE = YES;
				CLANG_WARN_UNGUARDED_AVAILABILITY = YES_AGGRESSIVE;
				CLANG_WARN_UNREACHABLE_CODE = YES;
				CLANG_WARN__DUPLICATE_METHOD_MATCH = YES;
				CODE_SIGN_IDENTITY = "iPhone Developer";
				COPY_PHASE_STRIP = NO;
				DEBUG_INFORMATION_FORMAT = "dwarf-with-dsym";
				ENABLE_NS_ASSERTIONS = NO;
				ENABLE_STRICT_OBJC_MSGSEND = YES;
				GCC_C_LANGUAGE_STANDARD = gnu11;
				GCC_NO_COMMON_BLOCKS = YES;
				GCC_WARN_64_TO_32_BIT_CONVERSION = YES;
				GCC_WARN_ABOUT_RETURN_TYPE = YES_ERROR;
				GCC_WARN_UNDECLARED_SELECTOR = YES;
				GCC_WARN_UNINITIALIZED_AUTOS = YES_AGGRESSIVE;
				GCC_WARN_UNUSED_FUNCTION = YES;
				GCC_WARN_UNUSED_VARIABLE = YES;
				IPHONEOS_DEPLOYMENT_TARGET = 11.4;
				MTL_ENABLE_DEBUG_INFO = NO;
				SDKROOT = iphoneos;
				SWIFT_COMPILATION_MODE = wholemodule;
				SWIFT_OPTIMIZATION_LEVEL = "-O";
				VALIDATE_PRODUCT = YES;
			};
			name = Release;
		};
		1E798B3A210A5569000C6E70 /* Debug */ = {
			isa = XCBuildConfiguration;
			buildSettings = {
				ASSETCATALOG_COMPILER_APPICON_NAME = AppIcon;
				CODE_SIGN_STYLE = Automatic;
				INFOPLIST_FILE = project0.0.11/Info.plist;
				LD_RUNPATH_SEARCH_PATHS = (
					"$(inherited)",
					"@executable_path/Frameworks",
				);
				PRODUCT_BUNDLE_IDENTIFIER = "com.WSN.project0-0-11";
				PRODUCT_NAME = "$(TARGET_NAME)";
				SWIFT_VERSION = 4.0;
				TARGETED_DEVICE_FAMILY = "1,2";
			};
			name = Debug;
		};
		1E798B3B210A5569000C6E70 /* Release */ = {
			isa = XCBuildConfiguration;
			buildSettings = {
				ASSETCATALOG_COMPILER_APPICON_NAME = AppIcon;
				CODE_SIGN_STYLE = Automatic;
				INFOPLIST_FILE = project0.0.11/Info.plist;
				LD_RUNPATH_SEARCH_PATHS = (
					"$(inherited)",
					"@executable_path/Frameworks",
				);
				PRODUCT_BUNDLE_IDENTIFIER = "com.WSN.project0-0-11";
				PRODUCT_NAME = "$(TARGET_NAME)";
				SWIFT_VERSION = 4.0;
				TARGETED_DEVICE_FAMILY = "1,2";
			};
			name = Release;
		};
		1E798B3D210A5569000C6E70 /* Debug */ = {
			isa = XCBuildConfiguration;
			buildSettings = {
				ALWAYS_EMBED_SWIFT_STANDARD_LIBRARIES = YES;
				BUNDLE_LOADER = "$(TEST_HOST)";
				CODE_SIGN_STYLE = Automatic;
				INFOPLIST_FILE = project0.0.11Tests/Info.plist;
				LD_RUNPATH_SEARCH_PATHS = (
					"$(inherited)",
					"@executable_path/Frameworks",
					"@loader_path/Frameworks",
				);
				PRODUCT_BUNDLE_IDENTIFIER = "com.WSN.project0-0-11Tests";
				PRODUCT_NAME = "$(TARGET_NAME)";
				SWIFT_VERSION = 4.0;
				TARGETED_DEVICE_FAMILY = "1,2";
				TEST_HOST = "$(BUILT_PRODUCTS_DIR)/project0.0.11.app/project0.0.11";
			};
			name = Debug;
		};
		1E798B3E210A5569000C6E70 /* Release */ = {
			isa = XCBuildConfiguration;
			buildSettings = {
				ALWAYS_EMBED_SWIFT_STANDARD_LIBRARIES = YES;
				BUNDLE_LOADER = "$(TEST_HOST)";
				CODE_SIGN_STYLE = Automatic;
				INFOPLIST_FILE = project0.0.11Tests/Info.plist;
				LD_RUNPATH_SEARCH_PATHS = (
					"$(inherited)",
					"@executable_path/Frameworks",
					"@loader_path/Frameworks",
				);
				PRODUCT_BUNDLE_IDENTIFIER = "com.WSN.project0-0-11Tests";
				PRODUCT_NAME = "$(TARGET_NAME)";
				SWIFT_VERSION = 4.0;
				TARGETED_DEVICE_FAMILY = "1,2";
				TEST_HOST = "$(BUILT_PRODUCTS_DIR)/project0.0.11.app/project0.0.11";
			};
			name = Release;
		};
		1E798B40210A5569000C6E70 /* Debug */ = {
			isa = XCBuildConfiguration;
			buildSettings = {
				ALWAYS_EMBED_SWIFT_STANDARD_LIBRARIES = YES;
				CODE_SIGN_STYLE = Automatic;
				INFOPLIST_FILE = project0.0.11UITests/Info.plist;
				LD_RUNPATH_SEARCH_PATHS = (
					"$(inherited)",
					"@executable_path/Frameworks",
					"@loader_path/Frameworks",
				);
				PRODUCT_BUNDLE_IDENTIFIER = "com.WSN.project0-0-11UITests";
				PRODUCT_NAME = "$(TARGET_NAME)";
				SWIFT_VERSION = 4.0;
				TARGETED_DEVICE_FAMILY = "1,2";
				TEST_TARGET_NAME = project0.0.11;
			};
			name = Debug;
		};
		1E798B41210A5569000C6E70 /* Release */ = {
			isa = XCBuildConfiguration;
			buildSettings = {
				ALWAYS_EMBED_SWIFT_STANDARD_LIBRARIES = YES;
				CODE_SIGN_STYLE = Automatic;
				INFOPLIST_FILE = project0.0.11UITests/Info.plist;
				LD_RUNPATH_SEARCH_PATHS = (
					"$(inherited)",
					"@executable_path/Frameworks",
					"@loader_path/Frameworks",
				);
				PRODUCT_BUNDLE_IDENTIFIER = "com.WSN.project0-0-11UITests";
				PRODUCT_NAME = "$(TARGET_NAME)";
				SWIFT_VERSION = 4.0;
				TARGETED_DEVICE_FAMILY = "1,2";
				TEST_TARGET_NAME = project0.0.11;
			};
			name = Release;
		};
/* End XCBuildConfiguration section */

/* Begin XCConfigurationList section */
		1E798B0C210A5568000C6E70 /* Build configuration list for PBXProject "project0.0.11" */ = {
			isa = XCConfigurationList;
			buildConfigurations = (
				1E798B37210A5569000C6E70 /* Debug */,
				1E798B38210A5569000C6E70 /* Release */,
			);
			defaultConfigurationIsVisible = 0;
			defaultConfigurationName = Release;
		};
		1E798B39210A5569000C6E70 /* Build configuration list for PBXNativeTarget "project0.0.11" */ = {
			isa = XCConfigurationList;
			buildConfigurations = (
				1E798B3A210A5569000C6E70 /* Debug */,
				1E798B3B210A5569000C6E70 /* Release */,
			);
			defaultConfigurationIsVisible = 0;
			defaultConfigurationName = Release;
		};
		1E798B3C210A5569000C6E70 /* Build configuration list for PBXNativeTarget "project0.0.11Tests" */ = {
			isa = XCConfigurationList;
			buildConfigurations = (
				1E798B3D210A5569000C6E70 /* Debug */,
				1E798B3E210A5569000C6E70 /* Release */,
			);
			defaultConfigurationIsVisible = 0;
			defaultConfigurationName = Release;
		};
		1E798B3F210A5569000C6E70 /* Build configuration list for PBXNativeTarget "project0.0.11UITests" */ = {
			isa = XCConfigurationList;
			buildConfigurations = (
				1E798B40210A5569000C6E70 /* Debug */,
				1E798B41210A5569000C6E70 /* Release */,
			);
			defaultConfigurationIsVisible = 0;
			defaultConfigurationName = Release;
		};
/* End XCConfigurationList section */
	};
	rootObject = 1E798B09210A5568000C6E70 /* Project object */;
}
