// !$*UTF8*$!
{
	archiveVersion = 1;
	classes = {
	};
	objectVersion = 50;
	objects = {

/* Begin PBXBuildFile section */
		1E57063F2112664A005C7D38 /* AppDelegate.swift in Sources */ = {isa = PBXBuildFile; fileRef = 1E57063E2112664A005C7D38 /* AppDelegate.swift */; };
		1E5706412112664A005C7D38 /* FirstViewController.swift in Sources */ = {isa = PBXBuildFile; fileRef = 1E5706402112664A005C7D38 /* FirstViewController.swift */; };
		1E5706442112664A005C7D38 /* Main.storyboard in Resources */ = {isa = PBXBuildFile; fileRef = 1E5706422112664A005C7D38 /* Main.storyboard */; };
		1E5706472112664A005C7D38 /* project0_0_17.xcdatamodeld in Sources */ = {isa = PBXBuildFile; fileRef = 1E5706452112664A005C7D38 /* project0_0_17.xcdatamodeld */; };
		1E5706492112664B005C7D38 /* Assets.xcassets in Resources */ = {isa = PBXBuildFile; fileRef = 1E5706482112664B005C7D38 /* Assets.xcassets */; };
		1E57064C2112664B005C7D38 /* LaunchScreen.storyboard in Resources */ = {isa = PBXBuildFile; fileRef = 1E57064A2112664B005C7D38 /* LaunchScreen.storyboard */; };
		1E5706572112664B005C7D38 /* project0_0_17Tests.swift in Sources */ = {isa = PBXBuildFile; fileRef = 1E5706562112664B005C7D38 /* project0_0_17Tests.swift */; };
		1E5706622112664B005C7D38 /* project0_0_17UITests.swift in Sources */ = {isa = PBXBuildFile; fileRef = 1E5706612112664B005C7D38 /* project0_0_17UITests.swift */; };
		1E57067021126C0A005C7D38 /* SecondViewController.swift in Sources */ = {isa = PBXBuildFile; fileRef = 1E57066F21126C0A005C7D38 /* SecondViewController.swift */; };
		1E57067221126C4C005C7D38 /* Delegate.swift in Sources */ = {isa = PBXBuildFile; fileRef = 1E57067121126C4C005C7D38 /* Delegate.swift */; };
/* End PBXBuildFile section */

/* Begin PBXContainerItemProxy section */
		1E5706532112664B005C7D38 /* PBXContainerItemProxy */ = {
			isa = PBXContainerItemProxy;
			containerPortal = 1E5706332112664A005C7D38 /* Project object */;
			proxyType = 1;
			remoteGlobalIDString = 1E57063A2112664A005C7D38;
			remoteInfo = project0.0.17;
		};
		1E57065E2112664B005C7D38 /* PBXContainerItemProxy */ = {
			isa = PBXContainerItemProxy;
			containerPortal = 1E5706332112664A005C7D38 /* Project object */;
			proxyType = 1;
			remoteGlobalIDString = 1E57063A2112664A005C7D38;
			remoteInfo = project0.0.17;
		};
/* End PBXContainerItemProxy section */

/* Begin PBXFileReference section */
		1E57063B2112664A005C7D38 /* project0.0.17.app */ = {isa = PBXFileReference; explicitFileType = wrapper.application; includeInIndex = 0; path = project0.0.17.app; sourceTree = BUILT_PRODUCTS_DIR; };
		1E57063E2112664A005C7D38 /* AppDelegate.swift */ = {isa = PBXFileReference; lastKnownFileType = sourcecode.swift; path = AppDelegate.swift; sourceTree = "<group>"; };
		1E5706402112664A005C7D38 /* FirstViewController.swift */ = {isa = PBXFileReference; lastKnownFileType = sourcecode.swift; path = FirstViewController.swift; sourceTree = "<group>"; };
		1E5706432112664A005C7D38 /* Base */ = {isa = PBXFileReference; lastKnownFileType = file.storyboard; name = Base; path = Base.lproj/Main.storyboard; sourceTree = "<group>"; };
		1E5706462112664A005C7D38 /* project0_0_17.xcdatamodel */ = {isa = PBXFileReference; lastKnownFileType = wrapper.xcdatamodel; path = project0_0_17.xcdatamodel; sourceTree = "<group>"; };
		1E5706482112664B005C7D38 /* Assets.xcassets */ = {isa = PBXFileReference; lastKnownFileType = folder.assetcatalog; path = Assets.xcassets; sourceTree = "<group>"; };
		1E57064B2112664B005C7D38 /* Base */ = {isa = PBXFileReference; lastKnownFileType = file.storyboard; name = Base; path = Base.lproj/LaunchScreen.storyboard; sourceTree = "<group>"; };
		1E57064D2112664B005C7D38 /* Info.plist */ = {isa = PBXFileReference; lastKnownFileType = text.plist.xml; path = Info.plist; sourceTree = "<group>"; };
		1E5706522112664B005C7D38 /* project0.0.17Tests.xctest */ = {isa = PBXFileReference; explicitFileType = wrapper.cfbundle; includeInIndex = 0; path = project0.0.17Tests.xctest; sourceTree = BUILT_PRODUCTS_DIR; };
		1E5706562112664B005C7D38 /* project0_0_17Tests.swift */ = {isa = PBXFileReference; lastKnownFileType = sourcecode.swift; path = project0_0_17Tests.swift; sourceTree = "<group>"; };
		1E5706582112664B005C7D38 /* Info.plist */ = {isa = PBXFileReference; lastKnownFileType = text.plist.xml; path = Info.plist; sourceTree = "<group>"; };
		1E57065D2112664B005C7D38 /* project0.0.17UITests.xctest */ = {isa = PBXFileReference; explicitFileType = wrapper.cfbundle; includeInIndex = 0; path = project0.0.17UITests.xctest; sourceTree = BUILT_PRODUCTS_DIR; };
		1E5706612112664B005C7D38 /* project0_0_17UITests.swift */ = {isa = PBXFileReference; lastKnownFileType = sourcecode.swift; path = project0_0_17UITests.swift; sourceTree = "<group>"; };
		1E5706632112664B005C7D38 /* Info.plist */ = {isa = PBXFileReference; lastKnownFileType = text.plist.xml; path = Info.plist; sourceTree = "<group>"; };
		1E57066F21126C0A005C7D38 /* SecondViewController.swift */ = {isa = PBXFileReference; lastKnownFileType = sourcecode.swift; path = SecondViewController.swift; sourceTree = "<group>"; };
		1E57067121126C4C005C7D38 /* Delegate.swift */ = {isa = PBXFileReference; lastKnownFileType = sourcecode.swift; path = Delegate.swift; sourceTree = "<group>"; };
/* End PBXFileReference section */

/* Begin PBXFrameworksBuildPhase section */
		1E5706382112664A005C7D38 /* Frameworks */ = {
			isa = PBXFrameworksBuildPhase;
			buildActionMask = 2147483647;
			files = (
			);
			runOnlyForDeploymentPostprocessing = 0;
		};
		1E57064F2112664B005C7D38 /* Frameworks */ = {
			isa = PBXFrameworksBuildPhase;
			buildActionMask = 2147483647;
			files = (
			);
			runOnlyForDeploymentPostprocessing = 0;
		};
		1E57065A2112664B005C7D38 /* Frameworks */ = {
			isa = PBXFrameworksBuildPhase;
			buildActionMask = 2147483647;
			files = (
			);
			runOnlyForDeploymentPostprocessing = 0;
		};
/* End PBXFrameworksBuildPhase section */

/* Begin PBXGroup section */
		1E5706322112664A005C7D38 = {
			isa = PBXGroup;
			children = (
				1E57063D2112664A005C7D38 /* project0.0.17 */,
				1E5706552112664B005C7D38 /* project0.0.17Tests */,
				1E5706602112664B005C7D38 /* project0.0.17UITests */,
				1E57063C2112664A005C7D38 /* Products */,
			);
			sourceTree = "<group>";
		};
		1E57063C2112664A005C7D38 /* Products */ = {
			isa = PBXGroup;
			children = (
				1E57063B2112664A005C7D38 /* project0.0.17.app */,
				1E5706522112664B005C7D38 /* project0.0.17Tests.xctest */,
				1E57065D2112664B005C7D38 /* project0.0.17UITests.xctest */,
			);
			name = Products;
			sourceTree = "<group>";
		};
		1E57063D2112664A005C7D38 /* project0.0.17 */ = {
			isa = PBXGroup;
			children = (
				1E57063E2112664A005C7D38 /* AppDelegate.swift */,
				1E5706402112664A005C7D38 /* FirstViewController.swift */,
				1E5706422112664A005C7D38 /* Main.storyboard */,
				1E57066F21126C0A005C7D38 /* SecondViewController.swift */,
				1E5706482112664B005C7D38 /* Assets.xcassets */,
				1E57064A2112664B005C7D38 /* LaunchScreen.storyboard */,
				1E57064D2112664B005C7D38 /* Info.plist */,
				1E5706452112664A005C7D38 /* project0_0_17.xcdatamodeld */,
				1E57067121126C4C005C7D38 /* Delegate.swift */,
			);
			path = project0.0.17;
			sourceTree = "<group>";
		};
		1E5706552112664B005C7D38 /* project0.0.17Tests */ = {
			isa = PBXGroup;
			children = (
				1E5706562112664B005C7D38 /* project0_0_17Tests.swift */,
				1E5706582112664B005C7D38 /* Info.plist */,
			);
			path = project0.0.17Tests;
			sourceTree = "<group>";
		};
		1E5706602112664B005C7D38 /* project0.0.17UITests */ = {
			isa = PBXGroup;
			children = (
				1E5706612112664B005C7D38 /* project0_0_17UITests.swift */,
				1E5706632112664B005C7D38 /* Info.plist */,
			);
			path = project0.0.17UITests;
			sourceTree = "<group>";
		};
/* End PBXGroup section */

/* Begin PBXNativeTarget section */
		1E57063A2112664A005C7D38 /* project0.0.17 */ = {
			isa = PBXNativeTarget;
			buildConfigurationList = 1E5706662112664B005C7D38 /* Build configuration list for PBXNativeTarget "project0.0.17" */;
			buildPhases = (
				1E5706372112664A005C7D38 /* Sources */,
				1E5706382112664A005C7D38 /* Frameworks */,
				1E5706392112664A005C7D38 /* Resources */,
			);
			buildRules = (
			);
			dependencies = (
			);
			name = project0.0.17;
			productName = project0.0.17;
			productReference = 1E57063B2112664A005C7D38 /* project0.0.17.app */;
			productType = "com.apple.product-type.application";
		};
		1E5706512112664B005C7D38 /* project0.0.17Tests */ = {
			isa = PBXNativeTarget;
			buildConfigurationList = 1E5706692112664B005C7D38 /* Build configuration list for PBXNativeTarget "project0.0.17Tests" */;
			buildPhases = (
				1E57064E2112664B005C7D38 /* Sources */,
				1E57064F2112664B005C7D38 /* Frameworks */,
				1E5706502112664B005C7D38 /* Resources */,
			);
			buildRules = (
			);
			dependencies = (
				1E5706542112664B005C7D38 /* PBXTargetDependency */,
			);
			name = project0.0.17Tests;
			productName = project0.0.17Tests;
			productReference = 1E5706522112664B005C7D38 /* project0.0.17Tests.xctest */;
			productType = "com.apple.product-type.bundle.unit-test";
		};
		1E57065C2112664B005C7D38 /* project0.0.17UITests */ = {
			isa = PBXNativeTarget;
			buildConfigurationList = 1E57066C2112664B005C7D38 /* Build configuration list for PBXNativeTarget "project0.0.17UITests" */;
			buildPhases = (
				1E5706592112664B005C7D38 /* Sources */,
				1E57065A2112664B005C7D38 /* Frameworks */,
				1E57065B2112664B005C7D38 /* Resources */,
			);
			buildRules = (
			);
			dependencies = (
				1E57065F2112664B005C7D38 /* PBXTargetDependency */,
			);
			name = project0.0.17UITests;
			productName = project0.0.17UITests;
			productReference = 1E57065D2112664B005C7D38 /* project0.0.17UITests.xctest */;
			productType = "com.apple.product-type.bundle.ui-testing";
		};
/* End PBXNativeTarget section */

/* Begin PBXProject section */
		1E5706332112664A005C7D38 /* Project object */ = {
			isa = PBXProject;
			attributes = {
				LastSwiftUpdateCheck = 0940;
				LastUpgradeCheck = 0940;
				ORGANIZATIONNAME = "Shawn W Nha";
				TargetAttributes = {
					1E57063A2112664A005C7D38 = {
						CreatedOnToolsVersion = 9.4.1;
					};
					1E5706512112664B005C7D38 = {
						CreatedOnToolsVersion = 9.4.1;
						TestTargetID = 1E57063A2112664A005C7D38;
					};
					1E57065C2112664B005C7D38 = {
						CreatedOnToolsVersion = 9.4.1;
						TestTargetID = 1E57063A2112664A005C7D38;
					};
				};
			};
			buildConfigurationList = 1E5706362112664A005C7D38 /* Build configuration list for PBXProject "project0.0.17" */;
			compatibilityVersion = "Xcode 9.3";
			developmentRegion = en;
			hasScannedForEncodings = 0;
			knownRegions = (
				en,
				Base,
			);
			mainGroup = 1E5706322112664A005C7D38;
			productRefGroup = 1E57063C2112664A005C7D38 /* Products */;
			projectDirPath = "";
			projectRoot = "";
			targets = (
				1E57063A2112664A005C7D38 /* project0.0.17 */,
				1E5706512112664B005C7D38 /* project0.0.17Tests */,
				1E57065C2112664B005C7D38 /* project0.0.17UITests */,
			);
		};
/* End PBXProject section */

/* Begin PBXResourcesBuildPhase section */
		1E5706392112664A005C7D38 /* Resources */ = {
			isa = PBXResourcesBuildPhase;
			buildActionMask = 2147483647;
			files = (
				1E57064C2112664B005C7D38 /* LaunchScreen.storyboard in Resources */,
				1E5706492112664B005C7D38 /* Assets.xcassets in Resources */,
				1E5706442112664A005C7D38 /* Main.storyboard in Resources */,
			);
			runOnlyForDeploymentPostprocessing = 0;
		};
		1E5706502112664B005C7D38 /* Resources */ = {
			isa = PBXResourcesBuildPhase;
			buildActionMask = 2147483647;
			files = (
			);
			runOnlyForDeploymentPostprocessing = 0;
		};
		1E57065B2112664B005C7D38 /* Resources */ = {
			isa = PBXResourcesBuildPhase;
			buildActionMask = 2147483647;
			files = (
			);
			runOnlyForDeploymentPostprocessing = 0;
		};
/* End PBXResourcesBuildPhase section */

/* Begin PBXSourcesBuildPhase section */
		1E5706372112664A005C7D38 /* Sources */ = {
			isa = PBXSourcesBuildPhase;
			buildActionMask = 2147483647;
			files = (
				1E57067021126C0A005C7D38 /* SecondViewController.swift in Sources */,
				1E57067221126C4C005C7D38 /* Delegate.swift in Sources */,
				1E5706472112664A005C7D38 /* project0_0_17.xcdatamodeld in Sources */,
				1E5706412112664A005C7D38 /* FirstViewController.swift in Sources */,
				1E57063F2112664A005C7D38 /* AppDelegate.swift in Sources */,
			);
			runOnlyForDeploymentPostprocessing = 0;
		};
		1E57064E2112664B005C7D38 /* Sources */ = {
			isa = PBXSourcesBuildPhase;
			buildActionMask = 2147483647;
			files = (
				1E5706572112664B005C7D38 /* project0_0_17Tests.swift in Sources */,
			);
			runOnlyForDeploymentPostprocessing = 0;
		};
		1E5706592112664B005C7D38 /* Sources */ = {
			isa = PBXSourcesBuildPhase;
			buildActionMask = 2147483647;
			files = (
				1E5706622112664B005C7D38 /* project0_0_17UITests.swift in Sources */,
			);
			runOnlyForDeploymentPostprocessing = 0;
		};
/* End PBXSourcesBuildPhase section */

/* Begin PBXTargetDependency section */
		1E5706542112664B005C7D38 /* PBXTargetDependency */ = {
			isa = PBXTargetDependency;
			target = 1E57063A2112664A005C7D38 /* project0.0.17 */;
			targetProxy = 1E5706532112664B005C7D38 /* PBXContainerItemProxy */;
		};
		1E57065F2112664B005C7D38 /* PBXTargetDependency */ = {
			isa = PBXTargetDependency;
			target = 1E57063A2112664A005C7D38 /* project0.0.17 */;
			targetProxy = 1E57065E2112664B005C7D38 /* PBXContainerItemProxy */;
		};
/* End PBXTargetDependency section */

/* Begin PBXVariantGroup section */
		1E5706422112664A005C7D38 /* Main.storyboard */ = {
			isa = PBXVariantGroup;
			children = (
				1E5706432112664A005C7D38 /* Base */,
			);
			name = Main.storyboard;
			sourceTree = "<group>";
		};
		1E57064A2112664B005C7D38 /* LaunchScreen.storyboard */ = {
			isa = PBXVariantGroup;
			children = (
				1E57064B2112664B005C7D38 /* Base */,
			);
			name = LaunchScreen.storyboard;
			sourceTree = "<group>";
		};
/* End PBXVariantGroup section */

/* Begin XCBuildConfiguration section */
		1E5706642112664B005C7D38 /* Debug */ = {
			isa = XCBuildConfiguration;
			buildSettings = {
				ALWAYS_SEARCH_USER_PATHS = NO;
				CLANG_ANALYZER_NONNULL = YES;
				CLANG_ANALYZER_NUMBER_OBJECT_CONVERSION = YES_AGGRESSIVE;
				CLANG_CXX_LANGUAGE_STANDARD = "gnu++14";
				CLANG_CXX_LIBRARY = "libc++";
				CLANG_ENABLE_MODULES = YES;
				CLANG_ENABLE_OBJC_ARC = YES;
				CLANG_ENABLE_OBJC_WEAK = YES;
				CLANG_WARN_BLOCK_CAPTURE_AUTORELEASING = YES;
				CLANG_WARN_BOOL_CONVERSION = YES;
				CLANG_WARN_COMMA = YES;
				CLANG_WARN_CONSTANT_CONVERSION = YES;
				CLANG_WARN_DEPRECATED_OBJC_IMPLEMENTATIONS = YES;
				CLANG_WARN_DIRECT_OBJC_ISA_USAGE = YES_ERROR;
				CLANG_WARN_DOCUMENTATION_COMMENTS = YES;
				CLANG_WARN_EMPTY_BODY = YES;
				CLANG_WARN_ENUM_CONVERSION = YES;
				CLANG_WARN_INFINITE_RECURSION = YES;
				CLANG_WARN_INT_CONVERSION = YES;
				CLANG_WARN_NON_LITERAL_NULL_CONVERSION = YES;
				CLANG_WARN_OBJC_IMPLICIT_RETAIN_SELF = YES;
				CLANG_WARN_OBJC_LITERAL_CONVERSION = YES;
				CLANG_WARN_OBJC_ROOT_CLASS = YES_ERROR;
				CLANG_WARN_RANGE_LOOP_ANALYSIS = YES;
				CLANG_WARN_STRICT_PROTOTYPES = YES;
				CLANG_WARN_SUSPICIOUS_MOVE = YES;
				CLANG_WARN_UNGUARDED_AVAILABILITY = YES_AGGRESSIVE;
				CLANG_WARN_UNREACHABLE_CODE = YES;
				CLANG_WARN__DUPLICATE_METHOD_MATCH = YES;
				CODE_SIGN_IDENTITY = "iPhone Developer";
				COPY_PHASE_STRIP = NO;
				DEBUG_INFORMATION_FORMAT = dwarf;
				ENABLE_STRICT_OBJC_MSGSEND = YES;
				ENABLE_TESTABILITY = YES;
				GCC_C_LANGUAGE_STANDARD = gnu11;
				GCC_DYNAMIC_NO_PIC = NO;
				GCC_NO_COMMON_BLOCKS = YES;
				GCC_OPTIMIZATION_LEVEL = 0;
				GCC_PREPROCESSOR_DEFINITIONS = (
					"DEBUG=1",
					"$(inherited)",
				);
				GCC_WARN_64_TO_32_BIT_CONVERSION = YES;
				GCC_WARN_ABOUT_RETURN_TYPE = YES_ERROR;
				GCC_WARN_UNDECLARED_SELECTOR = YES;
				GCC_WARN_UNINITIALIZED_AUTOS = YES_AGGRESSIVE;
				GCC_WARN_UNUSED_FUNCTION = YES;
				GCC_WARN_UNUSED_VARIABLE = YES;
				IPHONEOS_DEPLOYMENT_TARGET = 11.4;
				MTL_ENABLE_DEBUG_INFO = YES;
				ONLY_ACTIVE_ARCH = YES;
				SDKROOT = iphoneos;
				SWIFT_ACTIVE_COMPILATION_CONDITIONS = DEBUG;
				SWIFT_OPTIMIZATION_LEVEL = "-Onone";
			};
			name = Debug;
		};
		1E5706652112664B005C7D38 /* Release */ = {
			isa = XCBuildConfiguration;
			buildSettings = {
				ALWAYS_SEARCH_USER_PATHS = NO;
				CLANG_ANALYZER_NONNULL = YES;
				CLANG_ANALYZER_NUMBER_OBJECT_CONVERSION = YES_AGGRESSIVE;
				CLANG_CXX_LANGUAGE_STANDARD = "gnu++14";
				CLANG_CXX_LIBRARY = "libc++";
				CLANG_ENABLE_MODULES = YES;
				CLANG_ENABLE_OBJC_ARC = YES;
				CLANG_ENABLE_OBJC_WEAK = YES;
				CLANG_WARN_BLOCK_CAPTURE_AUTORELEASING = YES;
				CLANG_WARN_BOOL_CONVERSION = YES;
				CLANG_WARN_COMMA = YES;
				CLANG_WARN_CONSTANT_CONVERSION = YES;
				CLANG_WARN_DEPRECATED_OBJC_IMPLEMENTATIONS = YES;
				CLANG_WARN_DIRECT_OBJC_ISA_USAGE = YES_ERROR;
				CLANG_WARN_DOCUMENTATION_COMMENTS = YES;
				CLANG_WARN_EMPTY_BODY = YES;
				CLANG_WARN_ENUM_CONVERSION = YES;
				CLANG_WARN_INFINITE_RECURSION = YES;
				CLANG_WARN_INT_CONVERSION = YES;
				CLANG_WARN_NON_LITERAL_NULL_CONVERSION = YES;
				CLANG_WARN_OBJC_IMPLICIT_RETAIN_SELF = YES;
				CLANG_WARN_OBJC_LITERAL_CONVERSION = YES;
				CLANG_WARN_OBJC_ROOT_CLASS = YES_ERROR;
				CLANG_WARN_RANGE_LOOP_ANALYSIS = YES;
				CLANG_WARN_STRICT_PROTOTYPES = YES;
				CLANG_WARN_SUSPICIOUS_MOVE = YES;
				CLANG_WARN_UNGUARDED_AVAILABILITY = YES_AGGRESSIVE;
				CLANG_WARN_UNREACHABLE_CODE = YES;
				CLANG_WARN__DUPLICATE_METHOD_MATCH = YES;
				CODE_SIGN_IDENTITY = "iPhone Developer";
				COPY_PHASE_STRIP = NO;
				DEBUG_INFORMATION_FORMAT = "dwarf-with-dsym";
				ENABLE_NS_ASSERTIONS = NO;
				ENABLE_STRICT_OBJC_MSGSEND = YES;
				GCC_C_LANGUAGE_STANDARD = gnu11;
				GCC_NO_COMMON_BLOCKS = YES;
				GCC_WARN_64_TO_32_BIT_CONVERSION = YES;
				GCC_WARN_ABOUT_RETURN_TYPE = YES_ERROR;
				GCC_WARN_UNDECLARED_SELECTOR = YES;
				GCC_WARN_UNINITIALIZED_AUTOS = YES_AGGRESSIVE;
				GCC_WARN_UNUSED_FUNCTION = YES;
				GCC_WARN_UNUSED_VARIABLE = YES;
				IPHONEOS_DEPLOYMENT_TARGET = 11.4;
				MTL_ENABLE_DEBUG_INFO = NO;
				SDKROOT = iphoneos;
				SWIFT_COMPILATION_MODE = wholemodule;
				SWIFT_OPTIMIZATION_LEVEL = "-O";
				VALIDATE_PRODUCT = YES;
			};
			name = Release;
		};
		1E5706672112664B005C7D38 /* Debug */ = {
			isa = XCBuildConfiguration;
			buildSettings = {
				ASSETCATALOG_COMPILER_APPICON_NAME = AppIcon;
				CODE_SIGN_STYLE = Automatic;
				INFOPLIST_FILE = project0.0.17/Info.plist;
				LD_RUNPATH_SEARCH_PATHS = (
					"$(inherited)",
					"@executable_path/Frameworks",
				);
				PRODUCT_BUNDLE_IDENTIFIER = "com.WSN.project0-0-17";
				PRODUCT_NAME = "$(TARGET_NAME)";
				SWIFT_VERSION = 4.0;
				TARGETED_DEVICE_FAMILY = "1,2";
			};
			name = Debug;
		};
		1E5706682112664B005C7D38 /* Release */ = {
			isa = XCBuildConfiguration;
			buildSettings = {
				ASSETCATALOG_COMPILER_APPICON_NAME = AppIcon;
				CODE_SIGN_STYLE = Automatic;
				INFOPLIST_FILE = project0.0.17/Info.plist;
				LD_RUNPATH_SEARCH_PATHS = (
					"$(inherited)",
					"@executable_path/Frameworks",
				);
				PRODUCT_BUNDLE_IDENTIFIER = "com.WSN.project0-0-17";
				PRODUCT_NAME = "$(TARGET_NAME)";
				SWIFT_VERSION = 4.0;
				TARGETED_DEVICE_FAMILY = "1,2";
			};
			name = Release;
		};
		1E57066A2112664B005C7D38 /* Debug */ = {
			isa = XCBuildConfiguration;
			buildSettings = {
				ALWAYS_EMBED_SWIFT_STANDARD_LIBRARIES = YES;
				BUNDLE_LOADER = "$(TEST_HOST)";
				CODE_SIGN_STYLE = Automatic;
				INFOPLIST_FILE = project0.0.17Tests/Info.plist;
				LD_RUNPATH_SEARCH_PATHS = (
					"$(inherited)",
					"@executable_path/Frameworks",
					"@loader_path/Frameworks",
				);
				PRODUCT_BUNDLE_IDENTIFIER = "com.WSN.project0-0-17Tests";
				PRODUCT_NAME = "$(TARGET_NAME)";
				SWIFT_VERSION = 4.0;
				TARGETED_DEVICE_FAMILY = "1,2";
				TEST_HOST = "$(BUILT_PRODUCTS_DIR)/project0.0.17.app/project0.0.17";
			};
			name = Debug;
		};
		1E57066B2112664B005C7D38 /* Release */ = {
			isa = XCBuildConfiguration;
			buildSettings = {
				ALWAYS_EMBED_SWIFT_STANDARD_LIBRARIES = YES;
				BUNDLE_LOADER = "$(TEST_HOST)";
				CODE_SIGN_STYLE = Automatic;
				INFOPLIST_FILE = project0.0.17Tests/Info.plist;
				LD_RUNPATH_SEARCH_PATHS = (
					"$(inherited)",
					"@executable_path/Frameworks",
					"@loader_path/Frameworks",
				);
				PRODUCT_BUNDLE_IDENTIFIER = "com.WSN.project0-0-17Tests";
				PRODUCT_NAME = "$(TARGET_NAME)";
				SWIFT_VERSION = 4.0;
				TARGETED_DEVICE_FAMILY = "1,2";
				TEST_HOST = "$(BUILT_PRODUCTS_DIR)/project0.0.17.app/project0.0.17";
			};
			name = Release;
		};
		1E57066D2112664B005C7D38 /* Debug */ = {
			isa = XCBuildConfiguration;
			buildSettings = {
				ALWAYS_EMBED_SWIFT_STANDARD_LIBRARIES = YES;
				CODE_SIGN_STYLE = Automatic;
				INFOPLIST_FILE = project0.0.17UITests/Info.plist;
				LD_RUNPATH_SEARCH_PATHS = (
					"$(inherited)",
					"@executable_path/Frameworks",
					"@loader_path/Frameworks",
				);
				PRODUCT_BUNDLE_IDENTIFIER = "com.WSN.project0-0-17UITests";
				PRODUCT_NAME = "$(TARGET_NAME)";
				SWIFT_VERSION = 4.0;
				TARGETED_DEVICE_FAMILY = "1,2";
				TEST_TARGET_NAME = project0.0.17;
			};
			name = Debug;
		};
		1E57066E2112664B005C7D38 /* Release */ = {
			isa = XCBuildConfiguration;
			buildSettings = {
				ALWAYS_EMBED_SWIFT_STANDARD_LIBRARIES = YES;
				CODE_SIGN_STYLE = Automatic;
				INFOPLIST_FILE = project0.0.17UITests/Info.plist;
				LD_RUNPATH_SEARCH_PATHS = (
					"$(inherited)",
					"@executable_path/Frameworks",
					"@loader_path/Frameworks",
				);
				PRODUCT_BUNDLE_IDENTIFIER = "com.WSN.project0-0-17UITests";
				PRODUCT_NAME = "$(TARGET_NAME)";
				SWIFT_VERSION = 4.0;
				TARGETED_DEVICE_FAMILY = "1,2";
				TEST_TARGET_NAME = project0.0.17;
			};
			name = Release;
		};
/* End XCBuildConfiguration section */

/* Begin XCConfigurationList section */
		1E5706362112664A005C7D38 /* Build configuration list for PBXProject "project0.0.17" */ = {
			isa = XCConfigurationList;
			buildConfigurations = (
				1E5706642112664B005C7D38 /* Debug */,
				1E5706652112664B005C7D38 /* Release */,
			);
			defaultConfigurationIsVisible = 0;
			defaultConfigurationName = Release;
		};
		1E5706662112664B005C7D38 /* Build configuration list for PBXNativeTarget "project0.0.17" */ = {
			isa = XCConfigurationList;
			buildConfigurations = (
				1E5706672112664B005C7D38 /* Debug */,
				1E5706682112664B005C7D38 /* Release */,
			);
			defaultConfigurationIsVisible = 0;
			defaultConfigurationName = Release;
		};
		1E5706692112664B005C7D38 /* Build configuration list for PBXNativeTarget "project0.0.17Tests" */ = {
			isa = XCConfigurationList;
			buildConfigurations = (
				1E57066A2112664B005C7D38 /* Debug */,
				1E57066B2112664B005C7D38 /* Release */,
			);
			defaultConfigurationIsVisible = 0;
			defaultConfigurationName = Release;
		};
		1E57066C2112664B005C7D38 /* Build configuration list for PBXNativeTarget "project0.0.17UITests" */ = {
			isa = XCConfigurationList;
			buildConfigurations = (
				1E57066D2112664B005C7D38 /* Debug */,
				1E57066E2112664B005C7D38 /* Release */,
			);
			defaultConfigurationIsVisible = 0;
			defaultConfigurationName = Release;
		};
/* End XCConfigurationList section */

/* Begin XCVersionGroup section */
		1E5706452112664A005C7D38 /* project0_0_17.xcdatamodeld */ = {
			isa = XCVersionGroup;
			children = (
				1E5706462112664A005C7D38 /* project0_0_17.xcdatamodel */,
			);
			currentVersion = 1E5706462112664A005C7D38 /* project0_0_17.xcdatamodel */;
			path = project0_0_17.xcdatamodeld;
			sourceTree = "<group>";
			versionGroupType = wrapper.xcdatamodel;
		};
/* End XCVersionGroup section */
	};
	rootObject = 1E5706332112664A005C7D38 /* Project object */;
}
