// !$*UTF8*$!
{
	archiveVersion = 1;
	classes = {
	};
	objectVersion = 50;
	objects = {

/* Begin PBXBuildFile section */
		1E7027F221095D3E00BC2B46 /* AppDelegate.swift in Sources */ = {isa = PBXBuildFile; fileRef = 1E7027F121095D3E00BC2B46 /* AppDelegate.swift */; };
		1E7027F421095D3E00BC2B46 /* ViewController.swift in Sources */ = {isa = PBXBuildFile; fileRef = 1E7027F321095D3E00BC2B46 /* ViewController.swift */; };
		1E7027F721095D3E00BC2B46 /* Main.storyboard in Resources */ = {isa = PBXBuildFile; fileRef = 1E7027F521095D3E00BC2B46 /* Main.storyboard */; };
		1E7027F921095D3F00BC2B46 /* Assets.xcassets in Resources */ = {isa = PBXBuildFile; fileRef = 1E7027F821095D3F00BC2B46 /* Assets.xcassets */; };
		1E7027FC21095D3F00BC2B46 /* LaunchScreen.storyboard in Resources */ = {isa = PBXBuildFile; fileRef = 1E7027FA21095D3F00BC2B46 /* LaunchScreen.storyboard */; };
		1E70280721095D3F00BC2B46 /* project0_0_6Tests.swift in Sources */ = {isa = PBXBuildFile; fileRef = 1E70280621095D3F00BC2B46 /* project0_0_6Tests.swift */; };
		1E70281221095D3F00BC2B46 /* project0_0_6UITests.swift in Sources */ = {isa = PBXBuildFile; fileRef = 1E70281121095D3F00BC2B46 /* project0_0_6UITests.swift */; };
/* End PBXBuildFile section */

/* Begin PBXContainerItemProxy section */
		1E70280321095D3F00BC2B46 /* PBXContainerItemProxy */ = {
			isa = PBXContainerItemProxy;
			containerPortal = 1E7027E621095D3E00BC2B46 /* Project object */;
			proxyType = 1;
			remoteGlobalIDString = 1E7027ED21095D3E00BC2B46;
			remoteInfo = project0.0.6;
		};
		1E70280E21095D3F00BC2B46 /* PBXContainerItemProxy */ = {
			isa = PBXContainerItemProxy;
			containerPortal = 1E7027E621095D3E00BC2B46 /* Project object */;
			proxyType = 1;
			remoteGlobalIDString = 1E7027ED21095D3E00BC2B46;
			remoteInfo = project0.0.6;
		};
/* End PBXContainerItemProxy section */

/* Begin PBXFileReference section */
		1E7027EE21095D3E00BC2B46 /* project0.0.6.app */ = {isa = PBXFileReference; explicitFileType = wrapper.application; includeInIndex = 0; path = project0.0.6.app; sourceTree = BUILT_PRODUCTS_DIR; };
		1E7027F121095D3E00BC2B46 /* AppDelegate.swift */ = {isa = PBXFileReference; lastKnownFileType = sourcecode.swift; path = AppDelegate.swift; sourceTree = "<group>"; };
		1E7027F321095D3E00BC2B46 /* ViewController.swift */ = {isa = PBXFileReference; lastKnownFileType = sourcecode.swift; path = ViewController.swift; sourceTree = "<group>"; };
		1E7027F621095D3E00BC2B46 /* Base */ = {isa = PBXFileReference; lastKnownFileType = file.storyboard; name = Base; path = Base.lproj/Main.storyboard; sourceTree = "<group>"; };
		1E7027F821095D3F00BC2B46 /* Assets.xcassets */ = {isa = PBXFileReference; lastKnownFileType = folder.assetcatalog; path = Assets.xcassets; sourceTree = "<group>"; };
		1E7027FB21095D3F00BC2B46 /* Base */ = {isa = PBXFileReference; lastKnownFileType = file.storyboard; name = Base; path = Base.lproj/LaunchScreen.storyboard; sourceTree = "<group>"; };
		1E7027FD21095D3F00BC2B46 /* Info.plist */ = {isa = PBXFileReference; lastKnownFileType = text.plist.xml; path = Info.plist; sourceTree = "<group>"; };
		1E70280221095D3F00BC2B46 /* project0.0.6Tests.xctest */ = {isa = PBXFileReference; explicitFileType = wrapper.cfbundle; includeInIndex = 0; path = project0.0.6Tests.xctest; sourceTree = BUILT_PRODUCTS_DIR; };
		1E70280621095D3F00BC2B46 /* project0_0_6Tests.swift */ = {isa = PBXFileReference; lastKnownFileType = sourcecode.swift; path = project0_0_6Tests.swift; sourceTree = "<group>"; };
		1E70280821095D3F00BC2B46 /* Info.plist */ = {isa = PBXFileReference; lastKnownFileType = text.plist.xml; path = Info.plist; sourceTree = "<group>"; };
		1E70280D21095D3F00BC2B46 /* project0.0.6UITests.xctest */ = {isa = PBXFileReference; explicitFileType = wrapper.cfbundle; includeInIndex = 0; path = project0.0.6UITests.xctest; sourceTree = BUILT_PRODUCTS_DIR; };
		1E70281121095D3F00BC2B46 /* project0_0_6UITests.swift */ = {isa = PBXFileReference; lastKnownFileType = sourcecode.swift; path = project0_0_6UITests.swift; sourceTree = "<group>"; };
		1E70281321095D3F00BC2B46 /* Info.plist */ = {isa = PBXFileReference; lastKnownFileType = text.plist.xml; path = Info.plist; sourceTree = "<group>"; };
/* End PBXFileReference section */

/* Begin PBXFrameworksBuildPhase section */
		1E7027EB21095D3E00BC2B46 /* Frameworks */ = {
			isa = PBXFrameworksBuildPhase;
			buildActionMask = 2147483647;
			files = (
			);
			runOnlyForDeploymentPostprocessing = 0;
		};
		1E7027FF21095D3F00BC2B46 /* Frameworks */ = {
			isa = PBXFrameworksBuildPhase;
			buildActionMask = 2147483647;
			files = (
			);
			runOnlyForDeploymentPostprocessing = 0;
		};
		1E70280A21095D3F00BC2B46 /* Frameworks */ = {
			isa = PBXFrameworksBuildPhase;
			buildActionMask = 2147483647;
			files = (
			);
			runOnlyForDeploymentPostprocessing = 0;
		};
/* End PBXFrameworksBuildPhase section */

/* Begin PBXGroup section */
		1E7027E521095D3E00BC2B46 = {
			isa = PBXGroup;
			children = (
				1E7027F021095D3E00BC2B46 /* project0.0.6 */,
				1E70280521095D3F00BC2B46 /* project0.0.6Tests */,
				1E70281021095D3F00BC2B46 /* project0.0.6UITests */,
				1E7027EF21095D3E00BC2B46 /* Products */,
			);
			sourceTree = "<group>";
		};
		1E7027EF21095D3E00BC2B46 /* Products */ = {
			isa = PBXGroup;
			children = (
				1E7027EE21095D3E00BC2B46 /* project0.0.6.app */,
				1E70280221095D3F00BC2B46 /* project0.0.6Tests.xctest */,
				1E70280D21095D3F00BC2B46 /* project0.0.6UITests.xctest */,
			);
			name = Products;
			sourceTree = "<group>";
		};
		1E7027F021095D3E00BC2B46 /* project0.0.6 */ = {
			isa = PBXGroup;
			children = (
				1E7027F121095D3E00BC2B46 /* AppDelegate.swift */,
				1E7027F321095D3E00BC2B46 /* ViewController.swift */,
				1E7027F521095D3E00BC2B46 /* Main.storyboard */,
				1E7027F821095D3F00BC2B46 /* Assets.xcassets */,
				1E7027FA21095D3F00BC2B46 /* LaunchScreen.storyboard */,
				1E7027FD21095D3F00BC2B46 /* Info.plist */,
			);
			path = project0.0.6;
			sourceTree = "<group>";
		};
		1E70280521095D3F00BC2B46 /* project0.0.6Tests */ = {
			isa = PBXGroup;
			children = (
				1E70280621095D3F00BC2B46 /* project0_0_6Tests.swift */,
				1E70280821095D3F00BC2B46 /* Info.plist */,
			);
			path = project0.0.6Tests;
			sourceTree = "<group>";
		};
		1E70281021095D3F00BC2B46 /* project0.0.6UITests */ = {
			isa = PBXGroup;
			children = (
				1E70281121095D3F00BC2B46 /* project0_0_6UITests.swift */,
				1E70281321095D3F00BC2B46 /* Info.plist */,
			);
			path = project0.0.6UITests;
			sourceTree = "<group>";
		};
/* End PBXGroup section */

/* Begin PBXNativeTarget section */
		1E7027ED21095D3E00BC2B46 /* project0.0.6 */ = {
			isa = PBXNativeTarget;
			buildConfigurationList = 1E70281621095D3F00BC2B46 /* Build configuration list for PBXNativeTarget "project0.0.6" */;
			buildPhases = (
				1E7027EA21095D3E00BC2B46 /* Sources */,
				1E7027EB21095D3E00BC2B46 /* Frameworks */,
				1E7027EC21095D3E00BC2B46 /* Resources */,
			);
			buildRules = (
			);
			dependencies = (
			);
			name = project0.0.6;
			productName = project0.0.6;
			productReference = 1E7027EE21095D3E00BC2B46 /* project0.0.6.app */;
			productType = "com.apple.product-type.application";
		};
		1E70280121095D3F00BC2B46 /* project0.0.6Tests */ = {
			isa = PBXNativeTarget;
			buildConfigurationList = 1E70281921095D3F00BC2B46 /* Build configuration list for PBXNativeTarget "project0.0.6Tests" */;
			buildPhases = (
				1E7027FE21095D3F00BC2B46 /* Sources */,
				1E7027FF21095D3F00BC2B46 /* Frameworks */,
				1E70280021095D3F00BC2B46 /* Resources */,
			);
			buildRules = (
			);
			dependencies = (
				1E70280421095D3F00BC2B46 /* PBXTargetDependency */,
			);
			name = project0.0.6Tests;
			productName = project0.0.6Tests;
			productReference = 1E70280221095D3F00BC2B46 /* project0.0.6Tests.xctest */;
			productType = "com.apple.product-type.bundle.unit-test";
		};
		1E70280C21095D3F00BC2B46 /* project0.0.6UITests */ = {
			isa = PBXNativeTarget;
			buildConfigurationList = 1E70281C21095D3F00BC2B46 /* Build configuration list for PBXNativeTarget "project0.0.6UITests" */;
			buildPhases = (
				1E70280921095D3F00BC2B46 /* Sources */,
				1E70280A21095D3F00BC2B46 /* Frameworks */,
				1E70280B21095D3F00BC2B46 /* Resources */,
			);
			buildRules = (
			);
			dependencies = (
				1E70280F21095D3F00BC2B46 /* PBXTargetDependency */,
			);
			name = project0.0.6UITests;
			productName = project0.0.6UITests;
			productReference = 1E70280D21095D3F00BC2B46 /* project0.0.6UITests.xctest */;
			productType = "com.apple.product-type.bundle.ui-testing";
		};
/* End PBXNativeTarget section */

/* Begin PBXProject section */
		1E7027E621095D3E00BC2B46 /* Project object */ = {
			isa = PBXProject;
			attributes = {
				LastSwiftUpdateCheck = 0940;
				LastUpgradeCheck = 0940;
				ORGANIZATIONNAME = "Shawn W Nha";
				TargetAttributes = {
					1E7027ED21095D3E00BC2B46 = {
						CreatedOnToolsVersion = 9.4.1;
					};
					1E70280121095D3F00BC2B46 = {
						CreatedOnToolsVersion = 9.4.1;
						TestTargetID = 1E7027ED21095D3E00BC2B46;
					};
					1E70280C21095D3F00BC2B46 = {
						CreatedOnToolsVersion = 9.4.1;
						TestTargetID = 1E7027ED21095D3E00BC2B46;
					};
				};
			};
			buildConfigurationList = 1E7027E921095D3E00BC2B46 /* Build configuration list for PBXProject "project0.0.6" */;
			compatibilityVersion = "Xcode 9.3";
			developmentRegion = en;
			hasScannedForEncodings = 0;
			knownRegions = (
				en,
				Base,
			);
			mainGroup = 1E7027E521095D3E00BC2B46;
			productRefGroup = 1E7027EF21095D3E00BC2B46 /* Products */;
			projectDirPath = "";
			projectRoot = "";
			targets = (
				1E7027ED21095D3E00BC2B46 /* project0.0.6 */,
				1E70280121095D3F00BC2B46 /* project0.0.6Tests */,
				1E70280C21095D3F00BC2B46 /* project0.0.6UITests */,
			);
		};
/* End PBXProject section */

/* Begin PBXResourcesBuildPhase section */
		1E7027EC21095D3E00BC2B46 /* Resources */ = {
			isa = PBXResourcesBuildPhase;
			buildActionMask = 2147483647;
			files = (
				1E7027FC21095D3F00BC2B46 /* LaunchScreen.storyboard in Resources */,
				1E7027F921095D3F00BC2B46 /* Assets.xcassets in Resources */,
				1E7027F721095D3E00BC2B46 /* Main.storyboard in Resources */,
			);
			runOnlyForDeploymentPostprocessing = 0;
		};
		1E70280021095D3F00BC2B46 /* Resources */ = {
			isa = PBXResourcesBuildPhase;
			buildActionMask = 2147483647;
			files = (
			);
			runOnlyForDeploymentPostprocessing = 0;
		};
		1E70280B21095D3F00BC2B46 /* Resources */ = {
			isa = PBXResourcesBuildPhase;
			buildActionMask = 2147483647;
			files = (
			);
			runOnlyForDeploymentPostprocessing = 0;
		};
/* End PBXResourcesBuildPhase section */

/* Begin PBXSourcesBuildPhase section */
		1E7027EA21095D3E00BC2B46 /* Sources */ = {
			isa = PBXSourcesBuildPhase;
			buildActionMask = 2147483647;
			files = (
				1E7027F421095D3E00BC2B46 /* ViewController.swift in Sources */,
				1E7027F221095D3E00BC2B46 /* AppDelegate.swift in Sources */,
			);
			runOnlyForDeploymentPostprocessing = 0;
		};
		1E7027FE21095D3F00BC2B46 /* Sources */ = {
			isa = PBXSourcesBuildPhase;
			buildActionMask = 2147483647;
			files = (
				1E70280721095D3F00BC2B46 /* project0_0_6Tests.swift in Sources */,
			);
			runOnlyForDeploymentPostprocessing = 0;
		};
		1E70280921095D3F00BC2B46 /* Sources */ = {
			isa = PBXSourcesBuildPhase;
			buildActionMask = 2147483647;
			files = (
				1E70281221095D3F00BC2B46 /* project0_0_6UITests.swift in Sources */,
			);
			runOnlyForDeploymentPostprocessing = 0;
		};
/* End PBXSourcesBuildPhase section */

/* Begin PBXTargetDependency section */
		1E70280421095D3F00BC2B46 /* PBXTargetDependency */ = {
			isa = PBXTargetDependency;
			target = 1E7027ED21095D3E00BC2B46 /* project0.0.6 */;
			targetProxy = 1E70280321095D3F00BC2B46 /* PBXContainerItemProxy */;
		};
		1E70280F21095D3F00BC2B46 /* PBXTargetDependency */ = {
			isa = PBXTargetDependency;
			target = 1E7027ED21095D3E00BC2B46 /* project0.0.6 */;
			targetProxy = 1E70280E21095D3F00BC2B46 /* PBXContainerItemProxy */;
		};
/* End PBXTargetDependency section */

/* Begin PBXVariantGroup section */
		1E7027F521095D3E00BC2B46 /* Main.storyboard */ = {
			isa = PBXVariantGroup;
			children = (
				1E7027F621095D3E00BC2B46 /* Base */,
			);
			name = Main.storyboard;
			sourceTree = "<group>";
		};
		1E7027FA21095D3F00BC2B46 /* LaunchScreen.storyboard */ = {
			isa = PBXVariantGroup;
			children = (
				1E7027FB21095D3F00BC2B46 /* Base */,
			);
			name = LaunchScreen.storyboard;
			sourceTree = "<group>";
		};
/* End PBXVariantGroup section */

/* Begin XCBuildConfiguration section */
		1E70281421095D3F00BC2B46 /* Debug */ = {
			isa = XCBuildConfiguration;
			buildSettings = {
				ALWAYS_SEARCH_USER_PATHS = NO;
				CLANG_ANALYZER_NONNULL = YES;
				CLANG_ANALYZER_NUMBER_OBJECT_CONVERSION = YES_AGGRESSIVE;
				CLANG_CXX_LANGUAGE_STANDARD = "gnu++14";
				CLANG_CXX_LIBRARY = "libc++";
				CLANG_ENABLE_MODULES = YES;
				CLANG_ENABLE_OBJC_ARC = YES;
				CLANG_ENABLE_OBJC_WEAK = YES;
				CLANG_WARN_BLOCK_CAPTURE_AUTORELEASING = YES;
				CLANG_WARN_BOOL_CONVERSION = YES;
				CLANG_WARN_COMMA = YES;
				CLANG_WARN_CONSTANT_CONVERSION = YES;
				CLANG_WARN_DEPRECATED_OBJC_IMPLEMENTATIONS = YES;
				CLANG_WARN_DIRECT_OBJC_ISA_USAGE = YES_ERROR;
				CLANG_WARN_DOCUMENTATION_COMMENTS = YES;
				CLANG_WARN_EMPTY_BODY = YES;
				CLANG_WARN_ENUM_CONVERSION = YES;
				CLANG_WARN_INFINITE_RECURSION = YES;
				CLANG_WARN_INT_CONVERSION = YES;
				CLANG_WARN_NON_LITERAL_NULL_CONVERSION = YES;
				CLANG_WARN_OBJC_IMPLICIT_RETAIN_SELF = YES;
				CLANG_WARN_OBJC_LITERAL_CONVERSION = YES;
				CLANG_WARN_OBJC_ROOT_CLASS = YES_ERROR;
				CLANG_WARN_RANGE_LOOP_ANALYSIS = YES;
				CLANG_WARN_STRICT_PROTOTYPES = YES;
				CLANG_WARN_SUSPICIOUS_MOVE = YES;
				CLANG_WARN_UNGUARDED_AVAILABILITY = YES_AGGRESSIVE;
				CLANG_WARN_UNREACHABLE_CODE = YES;
				CLANG_WARN__DUPLICATE_METHOD_MATCH = YES;
				CODE_SIGN_IDENTITY = "iPhone Developer";
				COPY_PHASE_STRIP = NO;
				DEBUG_INFORMATION_FORMAT = dwarf;
				ENABLE_STRICT_OBJC_MSGSEND = YES;
				ENABLE_TESTABILITY = YES;
				GCC_C_LANGUAGE_STANDARD = gnu11;
				GCC_DYNAMIC_NO_PIC = NO;
				GCC_NO_COMMON_BLOCKS = YES;
				GCC_OPTIMIZATION_LEVEL = 0;
				GCC_PREPROCESSOR_DEFINITIONS = (
					"DEBUG=1",
					"$(inherited)",
				);
				GCC_WARN_64_TO_32_BIT_CONVERSION = YES;
				GCC_WARN_ABOUT_RETURN_TYPE = YES_ERROR;
				GCC_WARN_UNDECLARED_SELECTOR = YES;
				GCC_WARN_UNINITIALIZED_AUTOS = YES_AGGRESSIVE;
				GCC_WARN_UNUSED_FUNCTION = YES;
				GCC_WARN_UNUSED_VARIABLE = YES;
				IPHONEOS_DEPLOYMENT_TARGET = 11.4;
				MTL_ENABLE_DEBUG_INFO = YES;
				ONLY_ACTIVE_ARCH = YES;
				SDKROOT = iphoneos;
				SWIFT_ACTIVE_COMPILATION_CONDITIONS = DEBUG;
				SWIFT_OPTIMIZATION_LEVEL = "-Onone";
			};
			name = Debug;
		};
		1E70281521095D3F00BC2B46 /* Release */ = {
			isa = XCBuildConfiguration;
			buildSettings = {
				ALWAYS_SEARCH_USER_PATHS = NO;
				CLANG_ANALYZER_NONNULL = YES;
				CLANG_ANALYZER_NUMBER_OBJECT_CONVERSION = YES_AGGRESSIVE;
				CLANG_CXX_LANGUAGE_STANDARD = "gnu++14";
				CLANG_CXX_LIBRARY = "libc++";
				CLANG_ENABLE_MODULES = YES;
				CLANG_ENABLE_OBJC_ARC = YES;
				CLANG_ENABLE_OBJC_WEAK = YES;
				CLANG_WARN_BLOCK_CAPTURE_AUTORELEASING = YES;
				CLANG_WARN_BOOL_CONVERSION = YES;
				CLANG_WARN_COMMA = YES;
				CLANG_WARN_CONSTANT_CONVERSION = YES;
				CLANG_WARN_DEPRECATED_OBJC_IMPLEMENTATIONS = YES;
				CLANG_WARN_DIRECT_OBJC_ISA_USAGE = YES_ERROR;
				CLANG_WARN_DOCUMENTATION_COMMENTS = YES;
				CLANG_WARN_EMPTY_BODY = YES;
				CLANG_WARN_ENUM_CONVERSION = YES;
				CLANG_WARN_INFINITE_RECURSION = YES;
				CLANG_WARN_INT_CONVERSION = YES;
				CLANG_WARN_NON_LITERAL_NULL_CONVERSION = YES;
				CLANG_WARN_OBJC_IMPLICIT_RETAIN_SELF = YES;
				CLANG_WARN_OBJC_LITERAL_CONVERSION = YES;
				CLANG_WARN_OBJC_ROOT_CLASS = YES_ERROR;
				CLANG_WARN_RANGE_LOOP_ANALYSIS = YES;
				CLANG_WARN_STRICT_PROTOTYPES = YES;
				CLANG_WARN_SUSPICIOUS_MOVE = YES;
				CLANG_WARN_UNGUARDED_AVAILABILITY = YES_AGGRESSIVE;
				CLANG_WARN_UNREACHABLE_CODE = YES;
				CLANG_WARN__DUPLICATE_METHOD_MATCH = YES;
				CODE_SIGN_IDENTITY = "iPhone Developer";
				COPY_PHASE_STRIP = NO;
				DEBUG_INFORMATION_FORMAT = "dwarf-with-dsym";
				ENABLE_NS_ASSERTIONS = NO;
				ENABLE_STRICT_OBJC_MSGSEND = YES;
				GCC_C_LANGUAGE_STANDARD = gnu11;
				GCC_NO_COMMON_BLOCKS = YES;
				GCC_WARN_64_TO_32_BIT_CONVERSION = YES;
				GCC_WARN_ABOUT_RETURN_TYPE = YES_ERROR;
				GCC_WARN_UNDECLARED_SELECTOR = YES;
				GCC_WARN_UNINITIALIZED_AUTOS = YES_AGGRESSIVE;
				GCC_WARN_UNUSED_FUNCTION = YES;
				GCC_WARN_UNUSED_VARIABLE = YES;
				IPHONEOS_DEPLOYMENT_TARGET = 11.4;
				MTL_ENABLE_DEBUG_INFO = NO;
				SDKROOT = iphoneos;
				SWIFT_COMPILATION_MODE = wholemodule;
				SWIFT_OPTIMIZATION_LEVEL = "-O";
				VALIDATE_PRODUCT = YES;
			};
			name = Release;
		};
		1E70281721095D3F00BC2B46 /* Debug */ = {
			isa = XCBuildConfiguration;
			buildSettings = {
				ASSETCATALOG_COMPILER_APPICON_NAME = AppIcon;
				CODE_SIGN_STYLE = Automatic;
				INFOPLIST_FILE = project0.0.6/Info.plist;
				LD_RUNPATH_SEARCH_PATHS = (
					"$(inherited)",
					"@executable_path/Frameworks",
				);
				PRODUCT_BUNDLE_IDENTIFIER = "com.WSN.project0-0-6";
				PRODUCT_NAME = "$(TARGET_NAME)";
				SWIFT_VERSION = 4.0;
				TARGETED_DEVICE_FAMILY = "1,2";
			};
			name = Debug;
		};
		1E70281821095D3F00BC2B46 /* Release */ = {
			isa = XCBuildConfiguration;
			buildSettings = {
				ASSETCATALOG_COMPILER_APPICON_NAME = AppIcon;
				CODE_SIGN_STYLE = Automatic;
				INFOPLIST_FILE = project0.0.6/Info.plist;
				LD_RUNPATH_SEARCH_PATHS = (
					"$(inherited)",
					"@executable_path/Frameworks",
				);
				PRODUCT_BUNDLE_IDENTIFIER = "com.WSN.project0-0-6";
				PRODUCT_NAME = "$(TARGET_NAME)";
				SWIFT_VERSION = 4.0;
				TARGETED_DEVICE_FAMILY = "1,2";
			};
			name = Release;
		};
		1E70281A21095D3F00BC2B46 /* Debug */ = {
			isa = XCBuildConfiguration;
			buildSettings = {
				ALWAYS_EMBED_SWIFT_STANDARD_LIBRARIES = YES;
				BUNDLE_LOADER = "$(TEST_HOST)";
				CODE_SIGN_STYLE = Automatic;
				INFOPLIST_FILE = project0.0.6Tests/Info.plist;
				LD_RUNPATH_SEARCH_PATHS = (
					"$(inherited)",
					"@executable_path/Frameworks",
					"@loader_path/Frameworks",
				);
				PRODUCT_BUNDLE_IDENTIFIER = "com.WSN.project0-0-6Tests";
				PRODUCT_NAME = "$(TARGET_NAME)";
				SWIFT_VERSION = 4.0;
				TARGETED_DEVICE_FAMILY = "1,2";
				TEST_HOST = "$(BUILT_PRODUCTS_DIR)/project0.0.6.app/project0.0.6";
			};
			name = Debug;
		};
		1E70281B21095D3F00BC2B46 /* Release */ = {
			isa = XCBuildConfiguration;
			buildSettings = {
				ALWAYS_EMBED_SWIFT_STANDARD_LIBRARIES = YES;
				BUNDLE_LOADER = "$(TEST_HOST)";
				CODE_SIGN_STYLE = Automatic;
				INFOPLIST_FILE = project0.0.6Tests/Info.plist;
				LD_RUNPATH_SEARCH_PATHS = (
					"$(inherited)",
					"@executable_path/Frameworks",
					"@loader_path/Frameworks",
				);
				PRODUCT_BUNDLE_IDENTIFIER = "com.WSN.project0-0-6Tests";
				PRODUCT_NAME = "$(TARGET_NAME)";
				SWIFT_VERSION = 4.0;
				TARGETED_DEVICE_FAMILY = "1,2";
				TEST_HOST = "$(BUILT_PRODUCTS_DIR)/project0.0.6.app/project0.0.6";
			};
			name = Release;
		};
		1E70281D21095D3F00BC2B46 /* Debug */ = {
			isa = XCBuildConfiguration;
			buildSettings = {
				ALWAYS_EMBED_SWIFT_STANDARD_LIBRARIES = YES;
				CODE_SIGN_STYLE = Automatic;
				INFOPLIST_FILE = project0.0.6UITests/Info.plist;
				LD_RUNPATH_SEARCH_PATHS = (
					"$(inherited)",
					"@executable_path/Frameworks",
					"@loader_path/Frameworks",
				);
				PRODUCT_BUNDLE_IDENTIFIER = "com.WSN.project0-0-6UITests";
				PRODUCT_NAME = "$(TARGET_NAME)";
				SWIFT_VERSION = 4.0;
				TARGETED_DEVICE_FAMILY = "1,2";
				TEST_TARGET_NAME = project0.0.6;
			};
			name = Debug;
		};
		1E70281E21095D3F00BC2B46 /* Release */ = {
			isa = XCBuildConfiguration;
			buildSettings = {
				ALWAYS_EMBED_SWIFT_STANDARD_LIBRARIES = YES;
				CODE_SIGN_STYLE = Automatic;
				INFOPLIST_FILE = project0.0.6UITests/Info.plist;
				LD_RUNPATH_SEARCH_PATHS = (
					"$(inherited)",
					"@executable_path/Frameworks",
					"@loader_path/Frameworks",
				);
				PRODUCT_BUNDLE_IDENTIFIER = "com.WSN.project0-0-6UITests";
				PRODUCT_NAME = "$(TARGET_NAME)";
				SWIFT_VERSION = 4.0;
				TARGETED_DEVICE_FAMILY = "1,2";
				TEST_TARGET_NAME = project0.0.6;
			};
			name = Release;
		};
/* End XCBuildConfiguration section */

/* Begin XCConfigurationList section */
		1E7027E921095D3E00BC2B46 /* Build configuration list for PBXProject "project0.0.6" */ = {
			isa = XCConfigurationList;
			buildConfigurations = (
				1E70281421095D3F00BC2B46 /* Debug */,
				1E70281521095D3F00BC2B46 /* Release */,
			);
			defaultConfigurationIsVisible = 0;
			defaultConfigurationName = Release;
		};
		1E70281621095D3F00BC2B46 /* Build configuration list for PBXNativeTarget "project0.0.6" */ = {
			isa = XCConfigurationList;
			buildConfigurations = (
				1E70281721095D3F00BC2B46 /* Debug */,
				1E70281821095D3F00BC2B46 /* Release */,
			);
			defaultConfigurationIsVisible = 0;
			defaultConfigurationName = Release;
		};
		1E70281921095D3F00BC2B46 /* Build configuration list for PBXNativeTarget "project0.0.6Tests" */ = {
			isa = XCConfigurationList;
			buildConfigurations = (
				1E70281A21095D3F00BC2B46 /* Debug */,
				1E70281B21095D3F00BC2B46 /* Release */,
			);
			defaultConfigurationIsVisible = 0;
			defaultConfigurationName = Release;
		};
		1E70281C21095D3F00BC2B46 /* Build configuration list for PBXNativeTarget "project0.0.6UITests" */ = {
			isa = XCConfigurationList;
			buildConfigurations = (
				1E70281D21095D3F00BC2B46 /* Debug */,
				1E70281E21095D3F00BC2B46 /* Release */,
			);
			defaultConfigurationIsVisible = 0;
			defaultConfigurationName = Release;
		};
/* End XCConfigurationList section */
	};
	rootObject = 1E7027E621095D3E00BC2B46 /* Project object */;
}
