// !$*UTF8*$!
{
	archiveVersion = 1;
	classes = {
	};
	objectVersion = 50;
	objects = {

/* Begin PBXBuildFile section */
		1E264DB42107ACBF00DF1658 /* AppDelegate.swift in Sources */ = {isa = PBXBuildFile; fileRef = 1E264DB32107ACBF00DF1658 /* AppDelegate.swift */; };
		1E264DB62107ACBF00DF1658 /* ViewController.swift in Sources */ = {isa = PBXBuildFile; fileRef = 1E264DB52107ACBF00DF1658 /* ViewController.swift */; };
		1E264DB92107ACBF00DF1658 /* Main.storyboard in Resources */ = {isa = PBXBuildFile; fileRef = 1E264DB72107ACBF00DF1658 /* Main.storyboard */; };
		1E264DBB2107ACBF00DF1658 /* Assets.xcassets in Resources */ = {isa = PBXBuildFile; fileRef = 1E264DBA2107ACBF00DF1658 /* Assets.xcassets */; };
		1E264DBE2107ACBF00DF1658 /* LaunchScreen.storyboard in Resources */ = {isa = PBXBuildFile; fileRef = 1E264DBC2107ACBF00DF1658 /* LaunchScreen.storyboard */; };
		1E264DC92107ACBF00DF1658 /* project0_0_2Tests.swift in Sources */ = {isa = PBXBuildFile; fileRef = 1E264DC82107ACBF00DF1658 /* project0_0_2Tests.swift */; };
		1E264DD42107ACBF00DF1658 /* project0_0_2UITests.swift in Sources */ = {isa = PBXBuildFile; fileRef = 1E264DD32107ACBF00DF1658 /* project0_0_2UITests.swift */; };
/* End PBXBuildFile section */

/* Begin PBXContainerItemProxy section */
		1E264DC52107ACBF00DF1658 /* PBXContainerItemProxy */ = {
			isa = PBXContainerItemProxy;
			containerPortal = 1E264DA82107ACBF00DF1658 /* Project object */;
			proxyType = 1;
			remoteGlobalIDString = 1E264DAF2107ACBF00DF1658;
			remoteInfo = project0.0.2;
		};
		1E264DD02107ACBF00DF1658 /* PBXContainerItemProxy */ = {
			isa = PBXContainerItemProxy;
			containerPortal = 1E264DA82107ACBF00DF1658 /* Project object */;
			proxyType = 1;
			remoteGlobalIDString = 1E264DAF2107ACBF00DF1658;
			remoteInfo = project0.0.2;
		};
/* End PBXContainerItemProxy section */

/* Begin PBXFileReference section */
		1E264DB02107ACBF00DF1658 /* project0.0.2.app */ = {isa = PBXFileReference; explicitFileType = wrapper.application; includeInIndex = 0; path = project0.0.2.app; sourceTree = BUILT_PRODUCTS_DIR; };
		1E264DB32107ACBF00DF1658 /* AppDelegate.swift */ = {isa = PBXFileReference; lastKnownFileType = sourcecode.swift; path = AppDelegate.swift; sourceTree = "<group>"; };
		1E264DB52107ACBF00DF1658 /* ViewController.swift */ = {isa = PBXFileReference; lastKnownFileType = sourcecode.swift; path = ViewController.swift; sourceTree = "<group>"; };
		1E264DB82107ACBF00DF1658 /* Base */ = {isa = PBXFileReference; lastKnownFileType = file.storyboard; name = Base; path = Base.lproj/Main.storyboard; sourceTree = "<group>"; };
		1E264DBA2107ACBF00DF1658 /* Assets.xcassets */ = {isa = PBXFileReference; lastKnownFileType = folder.assetcatalog; path = Assets.xcassets; sourceTree = "<group>"; };
		1E264DBD2107ACBF00DF1658 /* Base */ = {isa = PBXFileReference; lastKnownFileType = file.storyboard; name = Base; path = Base.lproj/LaunchScreen.storyboard; sourceTree = "<group>"; };
		1E264DBF2107ACBF00DF1658 /* Info.plist */ = {isa = PBXFileReference; lastKnownFileType = text.plist.xml; path = Info.plist; sourceTree = "<group>"; };
		1E264DC42107ACBF00DF1658 /* project0.0.2Tests.xctest */ = {isa = PBXFileReference; explicitFileType = wrapper.cfbundle; includeInIndex = 0; path = project0.0.2Tests.xctest; sourceTree = BUILT_PRODUCTS_DIR; };
		1E264DC82107ACBF00DF1658 /* project0_0_2Tests.swift */ = {isa = PBXFileReference; lastKnownFileType = sourcecode.swift; path = project0_0_2Tests.swift; sourceTree = "<group>"; };
		1E264DCA2107ACBF00DF1658 /* Info.plist */ = {isa = PBXFileReference; lastKnownFileType = text.plist.xml; path = Info.plist; sourceTree = "<group>"; };
		1E264DCF2107ACBF00DF1658 /* project0.0.2UITests.xctest */ = {isa = PBXFileReference; explicitFileType = wrapper.cfbundle; includeInIndex = 0; path = project0.0.2UITests.xctest; sourceTree = BUILT_PRODUCTS_DIR; };
		1E264DD32107ACBF00DF1658 /* project0_0_2UITests.swift */ = {isa = PBXFileReference; lastKnownFileType = sourcecode.swift; path = project0_0_2UITests.swift; sourceTree = "<group>"; };
		1E264DD52107ACC000DF1658 /* Info.plist */ = {isa = PBXFileReference; lastKnownFileType = text.plist.xml; path = Info.plist; sourceTree = "<group>"; };
/* End PBXFileReference section */

/* Begin PBXFrameworksBuildPhase section */
		1E264DAD2107ACBF00DF1658 /* Frameworks */ = {
			isa = PBXFrameworksBuildPhase;
			buildActionMask = 2147483647;
			files = (
			);
			runOnlyForDeploymentPostprocessing = 0;
		};
		1E264DC12107ACBF00DF1658 /* Frameworks */ = {
			isa = PBXFrameworksBuildPhase;
			buildActionMask = 2147483647;
			files = (
			);
			runOnlyForDeploymentPostprocessing = 0;
		};
		1E264DCC2107ACBF00DF1658 /* Frameworks */ = {
			isa = PBXFrameworksBuildPhase;
			buildActionMask = 2147483647;
			files = (
			);
			runOnlyForDeploymentPostprocessing = 0;
		};
/* End PBXFrameworksBuildPhase section */

/* Begin PBXGroup section */
		1E264DA72107ACBF00DF1658 = {
			isa = PBXGroup;
			children = (
				1E264DB22107ACBF00DF1658 /* project0.0.2 */,
				1E264DC72107ACBF00DF1658 /* project0.0.2Tests */,
				1E264DD22107ACBF00DF1658 /* project0.0.2UITests */,
				1E264DB12107ACBF00DF1658 /* Products */,
			);
			sourceTree = "<group>";
		};
		1E264DB12107ACBF00DF1658 /* Products */ = {
			isa = PBXGroup;
			children = (
				1E264DB02107ACBF00DF1658 /* project0.0.2.app */,
				1E264DC42107ACBF00DF1658 /* project0.0.2Tests.xctest */,
				1E264DCF2107ACBF00DF1658 /* project0.0.2UITests.xctest */,
			);
			name = Products;
			sourceTree = "<group>";
		};
		1E264DB22107ACBF00DF1658 /* project0.0.2 */ = {
			isa = PBXGroup;
			children = (
				1E264DB32107ACBF00DF1658 /* AppDelegate.swift */,
				1E264DB52107ACBF00DF1658 /* ViewController.swift */,
				1E264DB72107ACBF00DF1658 /* Main.storyboard */,
				1E264DBA2107ACBF00DF1658 /* Assets.xcassets */,
				1E264DBC2107ACBF00DF1658 /* LaunchScreen.storyboard */,
				1E264DBF2107ACBF00DF1658 /* Info.plist */,
			);
			path = project0.0.2;
			sourceTree = "<group>";
		};
		1E264DC72107ACBF00DF1658 /* project0.0.2Tests */ = {
			isa = PBXGroup;
			children = (
				1E264DC82107ACBF00DF1658 /* project0_0_2Tests.swift */,
				1E264DCA2107ACBF00DF1658 /* Info.plist */,
			);
			path = project0.0.2Tests;
			sourceTree = "<group>";
		};
		1E264DD22107ACBF00DF1658 /* project0.0.2UITests */ = {
			isa = PBXGroup;
			children = (
				1E264DD32107ACBF00DF1658 /* project0_0_2UITests.swift */,
				1E264DD52107ACC000DF1658 /* Info.plist */,
			);
			path = project0.0.2UITests;
			sourceTree = "<group>";
		};
/* End PBXGroup section */

/* Begin PBXNativeTarget section */
		1E264DAF2107ACBF00DF1658 /* project0.0.2 */ = {
			isa = PBXNativeTarget;
			buildConfigurationList = 1E264DD82107ACC000DF1658 /* Build configuration list for PBXNativeTarget "project0.0.2" */;
			buildPhases = (
				1E264DAC2107ACBF00DF1658 /* Sources */,
				1E264DAD2107ACBF00DF1658 /* Frameworks */,
				1E264DAE2107ACBF00DF1658 /* Resources */,
			);
			buildRules = (
			);
			dependencies = (
			);
			name = project0.0.2;
			productName = project0.0.2;
			productReference = 1E264DB02107ACBF00DF1658 /* project0.0.2.app */;
			productType = "com.apple.product-type.application";
		};
		1E264DC32107ACBF00DF1658 /* project0.0.2Tests */ = {
			isa = PBXNativeTarget;
			buildConfigurationList = 1E264DDB2107ACC000DF1658 /* Build configuration list for PBXNativeTarget "project0.0.2Tests" */;
			buildPhases = (
				1E264DC02107ACBF00DF1658 /* Sources */,
				1E264DC12107ACBF00DF1658 /* Frameworks */,
				1E264DC22107ACBF00DF1658 /* Resources */,
			);
			buildRules = (
			);
			dependencies = (
				1E264DC62107ACBF00DF1658 /* PBXTargetDependency */,
			);
			name = project0.0.2Tests;
			productName = project0.0.2Tests;
			productReference = 1E264DC42107ACBF00DF1658 /* project0.0.2Tests.xctest */;
			productType = "com.apple.product-type.bundle.unit-test";
		};
		1E264DCE2107ACBF00DF1658 /* project0.0.2UITests */ = {
			isa = PBXNativeTarget;
			buildConfigurationList = 1E264DDE2107ACC000DF1658 /* Build configuration list for PBXNativeTarget "project0.0.2UITests" */;
			buildPhases = (
				1E264DCB2107ACBF00DF1658 /* Sources */,
				1E264DCC2107ACBF00DF1658 /* Frameworks */,
				1E264DCD2107ACBF00DF1658 /* Resources */,
			);
			buildRules = (
			);
			dependencies = (
				1E264DD12107ACBF00DF1658 /* PBXTargetDependency */,
			);
			name = project0.0.2UITests;
			productName = project0.0.2UITests;
			productReference = 1E264DCF2107ACBF00DF1658 /* project0.0.2UITests.xctest */;
			productType = "com.apple.product-type.bundle.ui-testing";
		};
/* End PBXNativeTarget section */

/* Begin PBXProject section */
		1E264DA82107ACBF00DF1658 /* Project object */ = {
			isa = PBXProject;
			attributes = {
				LastSwiftUpdateCheck = 0940;
				LastUpgradeCheck = 0940;
				ORGANIZATIONNAME = "Shawn W Nha";
				TargetAttributes = {
					1E264DAF2107ACBF00DF1658 = {
						CreatedOnToolsVersion = 9.4.1;
					};
					1E264DC32107ACBF00DF1658 = {
						CreatedOnToolsVersion = 9.4.1;
						TestTargetID = 1E264DAF2107ACBF00DF1658;
					};
					1E264DCE2107ACBF00DF1658 = {
						CreatedOnToolsVersion = 9.4.1;
						TestTargetID = 1E264DAF2107ACBF00DF1658;
					};
				};
			};
			buildConfigurationList = 1E264DAB2107ACBF00DF1658 /* Build configuration list for PBXProject "project0.0.2" */;
			compatibilityVersion = "Xcode 9.3";
			developmentRegion = en;
			hasScannedForEncodings = 0;
			knownRegions = (
				en,
				Base,
			);
			mainGroup = 1E264DA72107ACBF00DF1658;
			productRefGroup = 1E264DB12107ACBF00DF1658 /* Products */;
			projectDirPath = "";
			projectRoot = "";
			targets = (
				1E264DAF2107ACBF00DF1658 /* project0.0.2 */,
				1E264DC32107ACBF00DF1658 /* project0.0.2Tests */,
				1E264DCE2107ACBF00DF1658 /* project0.0.2UITests */,
			);
		};
/* End PBXProject section */

/* Begin PBXResourcesBuildPhase section */
		1E264DAE2107ACBF00DF1658 /* Resources */ = {
			isa = PBXResourcesBuildPhase;
			buildActionMask = 2147483647;
			files = (
				1E264DBE2107ACBF00DF1658 /* LaunchScreen.storyboard in Resources */,
				1E264DBB2107ACBF00DF1658 /* Assets.xcassets in Resources */,
				1E264DB92107ACBF00DF1658 /* Main.storyboard in Resources */,
			);
			runOnlyForDeploymentPostprocessing = 0;
		};
		1E264DC22107ACBF00DF1658 /* Resources */ = {
			isa = PBXResourcesBuildPhase;
			buildActionMask = 2147483647;
			files = (
			);
			runOnlyForDeploymentPostprocessing = 0;
		};
		1E264DCD2107ACBF00DF1658 /* Resources */ = {
			isa = PBXResourcesBuildPhase;
			buildActionMask = 2147483647;
			files = (
			);
			runOnlyForDeploymentPostprocessing = 0;
		};
/* End PBXResourcesBuildPhase section */

/* Begin PBXSourcesBuildPhase section */
		1E264DAC2107ACBF00DF1658 /* Sources */ = {
			isa = PBXSourcesBuildPhase;
			buildActionMask = 2147483647;
			files = (
				1E264DB62107ACBF00DF1658 /* ViewController.swift in Sources */,
				1E264DB42107ACBF00DF1658 /* AppDelegate.swift in Sources */,
			);
			runOnlyForDeploymentPostprocessing = 0;
		};
		1E264DC02107ACBF00DF1658 /* Sources */ = {
			isa = PBXSourcesBuildPhase;
			buildActionMask = 2147483647;
			files = (
				1E264DC92107ACBF00DF1658 /* project0_0_2Tests.swift in Sources */,
			);
			runOnlyForDeploymentPostprocessing = 0;
		};
		1E264DCB2107ACBF00DF1658 /* Sources */ = {
			isa = PBXSourcesBuildPhase;
			buildActionMask = 2147483647;
			files = (
				1E264DD42107ACBF00DF1658 /* project0_0_2UITests.swift in Sources */,
			);
			runOnlyForDeploymentPostprocessing = 0;
		};
/* End PBXSourcesBuildPhase section */

/* Begin PBXTargetDependency section */
		1E264DC62107ACBF00DF1658 /* PBXTargetDependency */ = {
			isa = PBXTargetDependency;
			target = 1E264DAF2107ACBF00DF1658 /* project0.0.2 */;
			targetProxy = 1E264DC52107ACBF00DF1658 /* PBXContainerItemProxy */;
		};
		1E264DD12107ACBF00DF1658 /* PBXTargetDependency */ = {
			isa = PBXTargetDependency;
			target = 1E264DAF2107ACBF00DF1658 /* project0.0.2 */;
			targetProxy = 1E264DD02107ACBF00DF1658 /* PBXContainerItemProxy */;
		};
/* End PBXTargetDependency section */

/* Begin PBXVariantGroup section */
		1E264DB72107ACBF00DF1658 /* Main.storyboard */ = {
			isa = PBXVariantGroup;
			children = (
				1E264DB82107ACBF00DF1658 /* Base */,
			);
			name = Main.storyboard;
			sourceTree = "<group>";
		};
		1E264DBC2107ACBF00DF1658 /* LaunchScreen.storyboard */ = {
			isa = PBXVariantGroup;
			children = (
				1E264DBD2107ACBF00DF1658 /* Base */,
			);
			name = LaunchScreen.storyboard;
			sourceTree = "<group>";
		};
/* End PBXVariantGroup section */

/* Begin XCBuildConfiguration section */
		1E264DD62107ACC000DF1658 /* Debug */ = {
			isa = XCBuildConfiguration;
			buildSettings = {
				ALWAYS_SEARCH_USER_PATHS = NO;
				CLANG_ANALYZER_NONNULL = YES;
				CLANG_ANALYZER_NUMBER_OBJECT_CONVERSION = YES_AGGRESSIVE;
				CLANG_CXX_LANGUAGE_STANDARD = "gnu++14";
				CLANG_CXX_LIBRARY = "libc++";
				CLANG_ENABLE_MODULES = YES;
				CLANG_ENABLE_OBJC_ARC = YES;
				CLANG_ENABLE_OBJC_WEAK = YES;
				CLANG_WARN_BLOCK_CAPTURE_AUTORELEASING = YES;
				CLANG_WARN_BOOL_CONVERSION = YES;
				CLANG_WARN_COMMA = YES;
				CLANG_WARN_CONSTANT_CONVERSION = YES;
				CLANG_WARN_DEPRECATED_OBJC_IMPLEMENTATIONS = YES;
				CLANG_WARN_DIRECT_OBJC_ISA_USAGE = YES_ERROR;
				CLANG_WARN_DOCUMENTATION_COMMENTS = YES;
				CLANG_WARN_EMPTY_BODY = YES;
				CLANG_WARN_ENUM_CONVERSION = YES;
				CLANG_WARN_INFINITE_RECURSION = YES;
				CLANG_WARN_INT_CONVERSION = YES;
				CLANG_WARN_NON_LITERAL_NULL_CONVERSION = YES;
				CLANG_WARN_OBJC_IMPLICIT_RETAIN_SELF = YES;
				CLANG_WARN_OBJC_LITERAL_CONVERSION = YES;
				CLANG_WARN_OBJC_ROOT_CLASS = YES_ERROR;
				CLANG_WARN_RANGE_LOOP_ANALYSIS = YES;
				CLANG_WARN_STRICT_PROTOTYPES = YES;
				CLANG_WARN_SUSPICIOUS_MOVE = YES;
				CLANG_WARN_UNGUARDED_AVAILABILITY = YES_AGGRESSIVE;
				CLANG_WARN_UNREACHABLE_CODE = YES;
				CLANG_WARN__DUPLICATE_METHOD_MATCH = YES;
				CODE_SIGN_IDENTITY = "iPhone Developer";
				COPY_PHASE_STRIP = NO;
				DEBUG_INFORMATION_FORMAT = dwarf;
				ENABLE_STRICT_OBJC_MSGSEND = YES;
				ENABLE_TESTABILITY = YES;
				GCC_C_LANGUAGE_STANDARD = gnu11;
				GCC_DYNAMIC_NO_PIC = NO;
				GCC_NO_COMMON_BLOCKS = YES;
				GCC_OPTIMIZATION_LEVEL = 0;
				GCC_PREPROCESSOR_DEFINITIONS = (
					"DEBUG=1",
					"$(inherited)",
				);
				GCC_WARN_64_TO_32_BIT_CONVERSION = YES;
				GCC_WARN_ABOUT_RETURN_TYPE = YES_ERROR;
				GCC_WARN_UNDECLARED_SELECTOR = YES;
				GCC_WARN_UNINITIALIZED_AUTOS = YES_AGGRESSIVE;
				GCC_WARN_UNUSED_FUNCTION = YES;
				GCC_WARN_UNUSED_VARIABLE = YES;
				IPHONEOS_DEPLOYMENT_TARGET = 11.4;
				MTL_ENABLE_DEBUG_INFO = YES;
				ONLY_ACTIVE_ARCH = YES;
				SDKROOT = iphoneos;
				SWIFT_ACTIVE_COMPILATION_CONDITIONS = DEBUG;
				SWIFT_OPTIMIZATION_LEVEL = "-Onone";
			};
			name = Debug;
		};
		1E264DD72107ACC000DF1658 /* Release */ = {
			isa = XCBuildConfiguration;
			buildSettings = {
				ALWAYS_SEARCH_USER_PATHS = NO;
				CLANG_ANALYZER_NONNULL = YES;
				CLANG_ANALYZER_NUMBER_OBJECT_CONVERSION = YES_AGGRESSIVE;
				CLANG_CXX_LANGUAGE_STANDARD = "gnu++14";
				CLANG_CXX_LIBRARY = "libc++";
				CLANG_ENABLE_MODULES = YES;
				CLANG_ENABLE_OBJC_ARC = YES;
				CLANG_ENABLE_OBJC_WEAK = YES;
				CLANG_WARN_BLOCK_CAPTURE_AUTORELEASING = YES;
				CLANG_WARN_BOOL_CONVERSION = YES;
				CLANG_WARN_COMMA = YES;
				CLANG_WARN_CONSTANT_CONVERSION = YES;
				CLANG_WARN_DEPRECATED_OBJC_IMPLEMENTATIONS = YES;
				CLANG_WARN_DIRECT_OBJC_ISA_USAGE = YES_ERROR;
				CLANG_WARN_DOCUMENTATION_COMMENTS = YES;
				CLANG_WARN_EMPTY_BODY = YES;
				CLANG_WARN_ENUM_CONVERSION = YES;
				CLANG_WARN_INFINITE_RECURSION = YES;
				CLANG_WARN_INT_CONVERSION = YES;
				CLANG_WARN_NON_LITERAL_NULL_CONVERSION = YES;
				CLANG_WARN_OBJC_IMPLICIT_RETAIN_SELF = YES;
				CLANG_WARN_OBJC_LITERAL_CONVERSION = YES;
				CLANG_WARN_OBJC_ROOT_CLASS = YES_ERROR;
				CLANG_WARN_RANGE_LOOP_ANALYSIS = YES;
				CLANG_WARN_STRICT_PROTOTYPES = YES;
				CLANG_WARN_SUSPICIOUS_MOVE = YES;
				CLANG_WARN_UNGUARDED_AVAILABILITY = YES_AGGRESSIVE;
				CLANG_WARN_UNREACHABLE_CODE = YES;
				CLANG_WARN__DUPLICATE_METHOD_MATCH = YES;
				CODE_SIGN_IDENTITY = "iPhone Developer";
				COPY_PHASE_STRIP = NO;
				DEBUG_INFORMATION_FORMAT = "dwarf-with-dsym";
				ENABLE_NS_ASSERTIONS = NO;
				ENABLE_STRICT_OBJC_MSGSEND = YES;
				GCC_C_LANGUAGE_STANDARD = gnu11;
				GCC_NO_COMMON_BLOCKS = YES;
				GCC_WARN_64_TO_32_BIT_CONVERSION = YES;
				GCC_WARN_ABOUT_RETURN_TYPE = YES_ERROR;
				GCC_WARN_UNDECLARED_SELECTOR = YES;
				GCC_WARN_UNINITIALIZED_AUTOS = YES_AGGRESSIVE;
				GCC_WARN_UNUSED_FUNCTION = YES;
				GCC_WARN_UNUSED_VARIABLE = YES;
				IPHONEOS_DEPLOYMENT_TARGET = 11.4;
				MTL_ENABLE_DEBUG_INFO = NO;
				SDKROOT = iphoneos;
				SWIFT_COMPILATION_MODE = wholemodule;
				SWIFT_OPTIMIZATION_LEVEL = "-O";
				VALIDATE_PRODUCT = YES;
			};
			name = Release;
		};
		1E264DD92107ACC000DF1658 /* Debug */ = {
			isa = XCBuildConfiguration;
			buildSettings = {
				ASSETCATALOG_COMPILER_APPICON_NAME = AppIcon;
				CODE_SIGN_STYLE = Automatic;
				INFOPLIST_FILE = project0.0.2/Info.plist;
				LD_RUNPATH_SEARCH_PATHS = (
					"$(inherited)",
					"@executable_path/Frameworks",
				);
				PRODUCT_BUNDLE_IDENTIFIER = "com.WSN.project0-0-2";
				PRODUCT_NAME = "$(TARGET_NAME)";
				SWIFT_VERSION = 4.0;
				TARGETED_DEVICE_FAMILY = "1,2";
			};
			name = Debug;
		};
		1E264DDA2107ACC000DF1658 /* Release */ = {
			isa = XCBuildConfiguration;
			buildSettings = {
				ASSETCATALOG_COMPILER_APPICON_NAME = AppIcon;
				CODE_SIGN_STYLE = Automatic;
				INFOPLIST_FILE = project0.0.2/Info.plist;
				LD_RUNPATH_SEARCH_PATHS = (
					"$(inherited)",
					"@executable_path/Frameworks",
				);
				PRODUCT_BUNDLE_IDENTIFIER = "com.WSN.project0-0-2";
				PRODUCT_NAME = "$(TARGET_NAME)";
				SWIFT_VERSION = 4.0;
				TARGETED_DEVICE_FAMILY = "1,2";
			};
			name = Release;
		};
		1E264DDC2107ACC000DF1658 /* Debug */ = {
			isa = XCBuildConfiguration;
			buildSettings = {
				ALWAYS_EMBED_SWIFT_STANDARD_LIBRARIES = YES;
				BUNDLE_LOADER = "$(TEST_HOST)";
				CODE_SIGN_STYLE = Automatic;
				INFOPLIST_FILE = project0.0.2Tests/Info.plist;
				LD_RUNPATH_SEARCH_PATHS = (
					"$(inherited)",
					"@executable_path/Frameworks",
					"@loader_path/Frameworks",
				);
				PRODUCT_BUNDLE_IDENTIFIER = "com.WSN.project0-0-2Tests";
				PRODUCT_NAME = "$(TARGET_NAME)";
				SWIFT_VERSION = 4.0;
				TARGETED_DEVICE_FAMILY = "1,2";
				TEST_HOST = "$(BUILT_PRODUCTS_DIR)/project0.0.2.app/project0.0.2";
			};
			name = Debug;
		};
		1E264DDD2107ACC000DF1658 /* Release */ = {
			isa = XCBuildConfiguration;
			buildSettings = {
				ALWAYS_EMBED_SWIFT_STANDARD_LIBRARIES = YES;
				BUNDLE_LOADER = "$(TEST_HOST)";
				CODE_SIGN_STYLE = Automatic;
				INFOPLIST_FILE = project0.0.2Tests/Info.plist;
				LD_RUNPATH_SEARCH_PATHS = (
					"$(inherited)",
					"@executable_path/Frameworks",
					"@loader_path/Frameworks",
				);
				PRODUCT_BUNDLE_IDENTIFIER = "com.WSN.project0-0-2Tests";
				PRODUCT_NAME = "$(TARGET_NAME)";
				SWIFT_VERSION = 4.0;
				TARGETED_DEVICE_FAMILY = "1,2";
				TEST_HOST = "$(BUILT_PRODUCTS_DIR)/project0.0.2.app/project0.0.2";
			};
			name = Release;
		};
		1E264DDF2107ACC000DF1658 /* Debug */ = {
			isa = XCBuildConfiguration;
			buildSettings = {
				ALWAYS_EMBED_SWIFT_STANDARD_LIBRARIES = YES;
				CODE_SIGN_STYLE = Automatic;
				INFOPLIST_FILE = project0.0.2UITests/Info.plist;
				LD_RUNPATH_SEARCH_PATHS = (
					"$(inherited)",
					"@executable_path/Frameworks",
					"@loader_path/Frameworks",
				);
				PRODUCT_BUNDLE_IDENTIFIER = "com.WSN.project0-0-2UITests";
				PRODUCT_NAME = "$(TARGET_NAME)";
				SWIFT_VERSION = 4.0;
				TARGETED_DEVICE_FAMILY = "1,2";
				TEST_TARGET_NAME = project0.0.2;
			};
			name = Debug;
		};
		1E264DE02107ACC000DF1658 /* Release */ = {
			isa = XCBuildConfiguration;
			buildSettings = {
				ALWAYS_EMBED_SWIFT_STANDARD_LIBRARIES = YES;
				CODE_SIGN_STYLE = Automatic;
				INFOPLIST_FILE = project0.0.2UITests/Info.plist;
				LD_RUNPATH_SEARCH_PATHS = (
					"$(inherited)",
					"@executable_path/Frameworks",
					"@loader_path/Frameworks",
				);
				PRODUCT_BUNDLE_IDENTIFIER = "com.WSN.project0-0-2UITests";
				PRODUCT_NAME = "$(TARGET_NAME)";
				SWIFT_VERSION = 4.0;
				TARGETED_DEVICE_FAMILY = "1,2";
				TEST_TARGET_NAME = project0.0.2;
			};
			name = Release;
		};
/* End XCBuildConfiguration section */

/* Begin XCConfigurationList section */
		1E264DAB2107ACBF00DF1658 /* Build configuration list for PBXProject "project0.0.2" */ = {
			isa = XCConfigurationList;
			buildConfigurations = (
				1E264DD62107ACC000DF1658 /* Debug */,
				1E264DD72107ACC000DF1658 /* Release */,
			);
			defaultConfigurationIsVisible = 0;
			defaultConfigurationName = Release;
		};
		1E264DD82107ACC000DF1658 /* Build configuration list for PBXNativeTarget "project0.0.2" */ = {
			isa = XCConfigurationList;
			buildConfigurations = (
				1E264DD92107ACC000DF1658 /* Debug */,
				1E264DDA2107ACC000DF1658 /* Release */,
			);
			defaultConfigurationIsVisible = 0;
			defaultConfigurationName = Release;
		};
		1E264DDB2107ACC000DF1658 /* Build configuration list for PBXNativeTarget "project0.0.2Tests" */ = {
			isa = XCConfigurationList;
			buildConfigurations = (
				1E264DDC2107ACC000DF1658 /* Debug */,
				1E264DDD2107ACC000DF1658 /* Release */,
			);
			defaultConfigurationIsVisible = 0;
			defaultConfigurationName = Release;
		};
		1E264DDE2107ACC000DF1658 /* Build configuration list for PBXNativeTarget "project0.0.2UITests" */ = {
			isa = XCConfigurationList;
			buildConfigurations = (
				1E264DDF2107ACC000DF1658 /* Debug */,
				1E264DE02107ACC000DF1658 /* Release */,
			);
			defaultConfigurationIsVisible = 0;
			defaultConfigurationName = Release;
		};
/* End XCConfigurationList section */
	};
	rootObject = 1E264DA82107ACBF00DF1658 /* Project object */;
}
